// !$*UTF8*$!
{
	archiveVersion = 1;
	classes = {
	};
	objectVersion = 46;
	objects = {

/* Begin PBXBuildFile section */
		5622731517E3F9C200CC4184 /* Foundation.framework in Frameworks */ = {isa = PBXBuildFile; fileRef = 5622731417E3F9C100CC4184 /* Foundation.framework */; };
		5622731B17E3F9C200CC4184 /* InfoPlist.strings in Resources */ = {isa = PBXBuildFile; fileRef = 5622731917E3F9C200CC4184 /* InfoPlist.strings */; };
		5622736C17E3FBB400CC4184 /* gt_array.h in Headers */ = {isa = PBXBuildFile; fileRef = 5622732317E3FBB400CC4184 /* gt_array.h */; };
		5622736E17E3FBB400CC4184 /* gt_buffer.h in Headers */ = {isa = PBXBuildFile; fileRef = 5622732517E3FBB400CC4184 /* gt_buffer.h */; };
		5622736F17E3FBB400CC4184 /* gt_color.h in Headers */ = {isa = PBXBuildFile; fileRef = 5622732617E3FBB400CC4184 /* gt_color.h */; };
		5622737217E3FBB400CC4184 /* gt_file.h in Headers */ = {isa = PBXBuildFile; fileRef = 5622732917E3FBB400CC4184 /* gt_file.h */; };
		5622737417E3FBB400CC4184 /* gt_hash_map.h in Headers */ = {isa = PBXBuildFile; fileRef = 5622732B17E3FBB400CC4184 /* gt_hash_map.h */; };
		5622737E17E3FBB400CC4184 /* gt_lock.h in Headers */ = {isa = PBXBuildFile; fileRef = 5622733517E3FBB400CC4184 /* gt_lock.h */; };
		5622737F17E3FBB400CC4184 /* gt_log.h in Headers */ = {isa = PBXBuildFile; fileRef = 5622733617E3FBB400CC4184 /* gt_log.h */; };
		5622738017E3FBB400CC4184 /* gt_magic.h in Headers */ = {isa = PBXBuildFile; fileRef = 5622733717E3FBB400CC4184 /* gt_magic.h */; };
		5622738117E3FBB400CC4184 /* gt_math.h in Headers */ = {isa = PBXBuildFile; fileRef = 5622733817E3FBB400CC4184 /* gt_math.h */; };
		5622738417E3FBB400CC4184 /* gt_mem.h in Headers */ = {isa = PBXBuildFile; fileRef = 5622733B17E3FBB400CC4184 /* gt_mem.h */; };
		5622738817E3FBB400CC4184 /* gt_ret.h in Headers */ = {isa = PBXBuildFile; fileRef = 5622733F17E3FBB400CC4184 /* gt_ret.h */; };
		5622738917E3FBB400CC4184 /* gt_runtime.h in Headers */ = {isa = PBXBuildFile; fileRef = 5622734017E3FBB400CC4184 /* gt_runtime.h */; };
		5622738A17E3FBB400CC4184 /* gt_semaphore.h in Headers */ = {isa = PBXBuildFile; fileRef = 5622734117E3FBB400CC4184 /* gt_semaphore.h */; };
		5622738C17E3FBB400CC4184 /* gt_string.h in Headers */ = {isa = PBXBuildFile; fileRef = 5622734317E3FBB400CC4184 /* gt_string.h */; };
		5622738F17E3FBB400CC4184 /* gt_timer_us.h in Headers */ = {isa = PBXBuildFile; fileRef = 5622734617E3FBB400CC4184 /* gt_timer_us.h */; };
		5622739017E3FBB400CC4184 /* gt_type.h in Headers */ = {isa = PBXBuildFile; fileRef = 5622734717E3FBB400CC4184 /* gt_type.h */; };
		5622739117E3FBB400CC4184 /* gt_utf8.h in Headers */ = {isa = PBXBuildFile; fileRef = 5622734817E3FBB400CC4184 /* gt_utf8.h */; };
		5622739217E3FBB400CC4184 /* gt_array.c in Sources */ = {isa = PBXBuildFile; fileRef = 5622734A17E3FBB400CC4184 /* gt_array.c */; };
		5622739417E3FBB400CC4184 /* gt_buffer.c in Sources */ = {isa = PBXBuildFile; fileRef = 5622734C17E3FBB400CC4184 /* gt_buffer.c */; };
		5622739517E3FBB400CC4184 /* gt_color.c in Sources */ = {isa = PBXBuildFile; fileRef = 5622734D17E3FBB400CC4184 /* gt_color.c */; };
		5622739817E3FBB400CC4184 /* gt_file.c in Sources */ = {isa = PBXBuildFile; fileRef = 5622735017E3FBB400CC4184 /* gt_file.c */; };
		5622739A17E3FBB400CC4184 /* gt_hash_map.c in Sources */ = {isa = PBXBuildFile; fileRef = 5622735217E3FBB400CC4184 /* gt_hash_map.c */; };
		562273A417E3FBB400CC4184 /* gt_lock.c in Sources */ = {isa = PBXBuildFile; fileRef = 5622735C17E3FBB400CC4184 /* gt_lock.c */; };
		562273A517E3FBB400CC4184 /* gt_log.c in Sources */ = {isa = PBXBuildFile; fileRef = 5622735D17E3FBB400CC4184 /* gt_log.c */; };
		562273A617E3FBB400CC4184 /* gt_math.c in Sources */ = {isa = PBXBuildFile; fileRef = 5622735E17E3FBB400CC4184 /* gt_math.c */; };
		562273A917E3FBB400CC4184 /* gt_mem.c in Sources */ = {isa = PBXBuildFile; fileRef = 5622736117E3FBB400CC4184 /* gt_mem.c */; };
		562273AC17E3FBB400CC4184 /* gt_runtime.c in Sources */ = {isa = PBXBuildFile; fileRef = 5622736417E3FBB400CC4184 /* gt_runtime.c */; };
		562273AD17E3FBB400CC4184 /* gt_semaphore.c in Sources */ = {isa = PBXBuildFile; fileRef = 5622736517E3FBB400CC4184 /* gt_semaphore.c */; };
		562273AF17E3FBB400CC4184 /* gt_string.c in Sources */ = {isa = PBXBuildFile; fileRef = 5622736717E3FBB400CC4184 /* gt_string.c */; };
		562273B217E3FBB400CC4184 /* gt_timer_us.c in Sources */ = {isa = PBXBuildFile; fileRef = 5622736A17E3FBB400CC4184 /* gt_timer_us.c */; };
		562273B317E3FBB400CC4184 /* gt_utf8.c in Sources */ = {isa = PBXBuildFile; fileRef = 5622736B17E3FBB400CC4184 /* gt_utf8.c */; };
		562273BB17E3FF0B00CC4184 /* gt_lib.c in Sources */ = {isa = PBXBuildFile; fileRef = 562273BA17E3FF0B00CC4184 /* gt_lib.c */; };
		562273BD17E40C9B00CC4184 /* git_lib_ios.h in Headers */ = {isa = PBXBuildFile; fileRef = 562273BC17E40C3F00CC4184 /* git_lib_ios.h */; settings = {ATTRIBUTES = (Public, ); }; };
/* End PBXBuildFile section */

/* Begin PBXFileReference section */
		5622731117E3F9C100CC4184 /* gtlib_ios_framework.framework */ = {isa = PBXFileReference; explicitFileType = wrapper.framework.static; includeInIndex = 0; path = gtlib_ios_framework.framework; sourceTree = BUILT_PRODUCTS_DIR; };
		5622731417E3F9C100CC4184 /* Foundation.framework */ = {isa = PBXFileReference; lastKnownFileType = wrapper.framework; name = Foundation.framework; path = System/Library/Frameworks/Foundation.framework; sourceTree = SDKROOT; };
		5622731817E3F9C200CC4184 /* gtlib_ios_framework-Info.plist */ = {isa = PBXFileReference; lastKnownFileType = text.plist.xml; path = "gtlib_ios_framework-Info.plist"; sourceTree = "<group>"; };
		5622731A17E3F9C200CC4184 /* en */ = {isa = PBXFileReference; lastKnownFileType = text.plist.strings; name = en; path = en.lproj/InfoPlist.strings; sourceTree = "<group>"; };
		5622731C17E3F9C200CC4184 /* gtlib_ios_framework-Prefix.pch */ = {isa = PBXFileReference; lastKnownFileType = sourcecode.c.h; path = "gtlib_ios_framework-Prefix.pch"; sourceTree = "<group>"; };
		5622732317E3FBB400CC4184 /* gt_array.h */ = {isa = PBXFileReference; fileEncoding = 4; lastKnownFileType = sourcecode.c.h; path = gt_array.h; sourceTree = "<group>"; };
		5622732517E3FBB400CC4184 /* gt_buffer.h */ = {isa = PBXFileReference; fileEncoding = 4; lastKnownFileType = sourcecode.c.h; path = gt_buffer.h; sourceTree = "<group>"; };
		5622732617E3FBB400CC4184 /* gt_color.h */ = {isa = PBXFileReference; fileEncoding = 4; lastKnownFileType = sourcecode.c.h; path = gt_color.h; sourceTree = "<group>"; };
		5622732917E3FBB400CC4184 /* gt_file.h */ = {isa = PBXFileReference; fileEncoding = 4; lastKnownFileType = sourcecode.c.h; path = gt_file.h; sourceTree = "<group>"; };
		5622732B17E3FBB400CC4184 /* gt_hash_map.h */ = {isa = PBXFileReference; fileEncoding = 4; lastKnownFileType = sourcecode.c.h; path = gt_hash_map.h; sourceTree = "<group>"; };
		5622733517E3FBB400CC4184 /* gt_lock.h */ = {isa = PBXFileReference; fileEncoding = 4; lastKnownFileType = sourcecode.c.h; path = gt_lock.h; sourceTree = "<group>"; };
		5622733617E3FBB400CC4184 /* gt_log.h */ = {isa = PBXFileReference; fileEncoding = 4; lastKnownFileType = sourcecode.c.h; path = gt_log.h; sourceTree = "<group>"; };
		5622733717E3FBB400CC4184 /* gt_magic.h */ = {isa = PBXFileReference; fileEncoding = 4; lastKnownFileType = sourcecode.c.h; path = gt_magic.h; sourceTree = "<group>"; };
		5622733817E3FBB400CC4184 /* gt_math.h */ = {isa = PBXFileReference; fileEncoding = 4; lastKnownFileType = sourcecode.c.h; path = gt_math.h; sourceTree = "<group>"; };
		5622733B17E3FBB400CC4184 /* gt_mem.h */ = {isa = PBXFileReference; fileEncoding = 4; lastKnownFileType = sourcecode.c.h; path = gt_mem.h; sourceTree = "<group>"; };
		5622733F17E3FBB400CC4184 /* gt_ret.h */ = {isa = PBXFileReference; fileEncoding = 4; lastKnownFileType = sourcecode.c.h; path = gt_ret.h; sourceTree = "<group>"; };
		5622734017E3FBB400CC4184 /* gt_runtime.h */ = {isa = PBXFileReference; fileEncoding = 4; lastKnownFileType = sourcecode.c.h; path = gt_runtime.h; sourceTree = "<group>"; };
		5622734117E3FBB400CC4184 /* gt_semaphore.h */ = {isa = PBXFileReference; fileEncoding = 4; lastKnownFileType = sourcecode.c.h; path = gt_semaphore.h; sourceTree = "<group>"; };
		5622734317E3FBB400CC4184 /* gt_string.h */ = {isa = PBXFileReference; fileEncoding = 4; lastKnownFileType = sourcecode.c.h; path = gt_string.h; sourceTree = "<group>"; };
		5622734617E3FBB400CC4184 /* gt_timer_us.h */ = {isa = PBXFileReference; fileEncoding = 4; lastKnownFileType = sourcecode.c.h; path = gt_timer_us.h; sourceTree = "<group>"; };
		5622734717E3FBB400CC4184 /* gt_type.h */ = {isa = PBXFileReference; fileEncoding = 4; lastKnownFileType = sourcecode.c.h; path = gt_type.h; sourceTree = "<group>"; };
		5622734817E3FBB400CC4184 /* gt_utf8.h */ = {isa = PBXFileReference; fileEncoding = 4; lastKnownFileType = sourcecode.c.h; path = gt_utf8.h; sourceTree = "<group>"; };
		5622734A17E3FBB400CC4184 /* gt_array.c */ = {isa = PBXFileReference; fileEncoding = 4; lastKnownFileType = sourcecode.c.c; path = gt_array.c; sourceTree = "<group>"; };
		5622734C17E3FBB400CC4184 /* gt_buffer.c */ = {isa = PBXFileReference; fileEncoding = 4; lastKnownFileType = sourcecode.c.c; path = gt_buffer.c; sourceTree = "<group>"; };
		5622734D17E3FBB400CC4184 /* gt_color.c */ = {isa = PBXFileReference; fileEncoding = 4; lastKnownFileType = sourcecode.c.c; path = gt_color.c; sourceTree = "<group>"; };
		5622735017E3FBB400CC4184 /* gt_file.c */ = {isa = PBXFileReference; fileEncoding = 4; lastKnownFileType = sourcecode.c.c; path = gt_file.c; sourceTree = "<group>"; };
		5622735217E3FBB400CC4184 /* gt_hash_map.c */ = {isa = PBXFileReference; fileEncoding = 4; lastKnownFileType = sourcecode.c.c; path = gt_hash_map.c; sourceTree = "<group>"; };
		5622735C17E3FBB400CC4184 /* gt_lock.c */ = {isa = PBXFileReference; fileEncoding = 4; lastKnownFileType = sourcecode.c.c; path = gt_lock.c; sourceTree = "<group>"; };
		5622735D17E3FBB400CC4184 /* gt_log.c */ = {isa = PBXFileReference; fileEncoding = 4; lastKnownFileType = sourcecode.c.c; path = gt_log.c; sourceTree = "<group>"; };
		5622735E17E3FBB400CC4184 /* gt_math.c */ = {isa = PBXFileReference; fileEncoding = 4; lastKnownFileType = sourcecode.c.c; path = gt_math.c; sourceTree = "<group>"; };
		5622736117E3FBB400CC4184 /* gt_mem.c */ = {isa = PBXFileReference; fileEncoding = 4; lastKnownFileType = sourcecode.c.c; path = gt_mem.c; sourceTree = "<group>"; };
		5622736417E3FBB400CC4184 /* gt_runtime.c */ = {isa = PBXFileReference; fileEncoding = 4; lastKnownFileType = sourcecode.c.c; path = gt_runtime.c; sourceTree = "<group>"; };
		5622736517E3FBB400CC4184 /* gt_semaphore.c */ = {isa = PBXFileReference; fileEncoding = 4; lastKnownFileType = sourcecode.c.c; path = gt_semaphore.c; sourceTree = "<group>"; };
		5622736717E3FBB400CC4184 /* gt_string.c */ = {isa = PBXFileReference; fileEncoding = 4; lastKnownFileType = sourcecode.c.c; path = gt_string.c; sourceTree = "<group>"; };
		5622736A17E3FBB400CC4184 /* gt_timer_us.c */ = {isa = PBXFileReference; fileEncoding = 4; lastKnownFileType = sourcecode.c.c; path = gt_timer_us.c; sourceTree = "<group>"; };
		5622736B17E3FBB400CC4184 /* gt_utf8.c */ = {isa = PBXFileReference; fileEncoding = 4; lastKnownFileType = sourcecode.c.c; path = gt_utf8.c; sourceTree = "<group>"; };
		562273B817E3FEFB00CC4184 /* gt_lib.h */ = {isa = PBXFileReference; fileEncoding = 4; lastKnownFileType = sourcecode.c.h; path = gt_lib.h; sourceTree = "<group>"; };
		562273BA17E3FF0B00CC4184 /* gt_lib.c */ = {isa = PBXFileReference; fileEncoding = 4; lastKnownFileType = sourcecode.c.c; path = gt_lib.c; sourceTree = "<group>"; };
		562273BC17E40C3F00CC4184 /* git_lib_ios.h */ = {isa = PBXFileReference; lastKnownFileType = sourcecode.c.h; path = git_lib_ios.h; sourceTree = "<group>"; };
/* End PBXFileReference section */

/* Begin PBXFrameworksBuildPhase section */
		5622730B17E3F9C100CC4184 /* Frameworks */ = {
			isa = PBXFrameworksBuildPhase;
			buildActionMask = 2147483647;
			files = (
				5622731517E3F9C200CC4184 /* Foundation.framework in Frameworks */,
			);
			runOnlyForDeploymentPostprocessing = 0;
		};
/* End PBXFrameworksBuildPhase section */

/* Begin PBXGroup section */
		5622730417E3F9C100CC4184 = {
			isa = PBXGroup;
			children = (
				5622731617E3F9C200CC4184 /* gtlib_ios_framework */,
				5622731317E3F9C100CC4184 /* Frameworks */,
				5622731217E3F9C100CC4184 /* Products */,
			);
			sourceTree = "<group>";
		};
		5622731217E3F9C100CC4184 /* Products */ = {
			isa = PBXGroup;
			children = (
				5622731117E3F9C100CC4184 /* gtlib_ios_framework.framework */,
			);
			name = Products;
			sourceTree = "<group>";
		};
		5622731317E3F9C100CC4184 /* Frameworks */ = {
			isa = PBXGroup;
			children = (
				5622731417E3F9C100CC4184 /* Foundation.framework */,
			);
			name = Frameworks;
			sourceTree = "<group>";
		};
		5622731617E3F9C200CC4184 /* gtlib_ios_framework */ = {
			isa = PBXGroup;
			children = (
				562273BC17E40C3F00CC4184 /* git_lib_ios.h */,
				5622732217E3FBB400CC4184 /* include */,
				5622734917E3FBB400CC4184 /* src */,
				5622731717E3F9C200CC4184 /* Supporting Files */,
			);
			path = gtlib_ios_framework;
			sourceTree = "<group>";
		};
		5622731717E3F9C200CC4184 /* Supporting Files */ = {
			isa = PBXGroup;
			children = (
				5622731817E3F9C200CC4184 /* gtlib_ios_framework-Info.plist */,
				5622731917E3F9C200CC4184 /* InfoPlist.strings */,
				5622731C17E3F9C200CC4184 /* gtlib_ios_framework-Prefix.pch */,
			);
			name = "Supporting Files";
			sourceTree = "<group>";
		};
		5622732217E3FBB400CC4184 /* include */ = {
			isa = PBXGroup;
			children = (
				562273B817E3FEFB00CC4184 /* gt_lib.h */,
				5622732317E3FBB400CC4184 /* gt_array.h */,
				5622732517E3FBB400CC4184 /* gt_buffer.h */,
				5622732617E3FBB400CC4184 /* gt_color.h */,
				5622732917E3FBB400CC4184 /* gt_file.h */,
				5622732B17E3FBB400CC4184 /* gt_hash_map.h */,
				5622733517E3FBB400CC4184 /* gt_lock.h */,
				5622733617E3FBB400CC4184 /* gt_log.h */,
				5622733717E3FBB400CC4184 /* gt_magic.h */,
				5622733817E3FBB400CC4184 /* gt_math.h */,
				5622733B17E3FBB400CC4184 /* gt_mem.h */,
				5622733F17E3FBB400CC4184 /* gt_ret.h */,
				5622734017E3FBB400CC4184 /* gt_runtime.h */,
				5622734117E3FBB400CC4184 /* gt_semaphore.h */,
				5622734317E3FBB400CC4184 /* gt_string.h */,
				5622734617E3FBB400CC4184 /* gt_timer_us.h */,
				5622734717E3FBB400CC4184 /* gt_type.h */,
				5622734817E3FBB400CC4184 /* gt_utf8.h */,
			);
			name = include;
			path = ../../../../include;
			sourceTree = "<group>";
		};
		5622734917E3FBB400CC4184 /* src */ = {
			isa = PBXGroup;
			children = (
				562273BA17E3FF0B00CC4184 /* gt_lib.c */,
				5622734A17E3FBB400CC4184 /* gt_array.c */,
				5622734C17E3FBB400CC4184 /* gt_buffer.c */,
				5622734D17E3FBB400CC4184 /* gt_color.c */,
				5622735017E3FBB400CC4184 /* gt_file.c */,
				5622735217E3FBB400CC4184 /* gt_hash_map.c */,
				5622735C17E3FBB400CC4184 /* gt_lock.c */,
				5622735D17E3FBB400CC4184 /* gt_log.c */,
				5622735E17E3FBB400CC4184 /* gt_math.c */,
				5622736117E3FBB400CC4184 /* gt_mem.c */,
				5622736417E3FBB400CC4184 /* gt_runtime.c */,
				5622736517E3FBB400CC4184 /* gt_semaphore.c */,
				5622736717E3FBB400CC4184 /* gt_string.c */,
				5622736A17E3FBB400CC4184 /* gt_timer_us.c */,
				5622736B17E3FBB400CC4184 /* gt_utf8.c */,
			);
			name = src;
			path = ../../../../src;
			sourceTree = "<group>";
		};
/* End PBXGroup section */

/* Begin PBXHeadersBuildPhase section */
		5622730C17E3F9C100CC4184 /* Headers */ = {
			isa = PBXHeadersBuildPhase;
			buildActionMask = 2147483647;
			files = (
				562273BD17E40C9B00CC4184 /* git_lib_ios.h in Headers */,
				5622736C17E3FBB400CC4184 /* gt_array.h in Headers */,
				5622736E17E3FBB400CC4184 /* gt_buffer.h in Headers */,
				5622736F17E3FBB400CC4184 /* gt_color.h in Headers */,
				5622737217E3FBB400CC4184 /* gt_file.h in Headers */,
				5622737417E3FBB400CC4184 /* gt_hash_map.h in Headers */,
				5622737E17E3FBB400CC4184 /* gt_lock.h in Headers */,
				5622737F17E3FBB400CC4184 /* gt_log.h in Headers */,
				5622738017E3FBB400CC4184 /* gt_magic.h in Headers */,
				5622738117E3FBB400CC4184 /* gt_math.h in Headers */,
				5622738417E3FBB400CC4184 /* gt_mem.h in Headers */,
				5622738817E3FBB400CC4184 /* gt_ret.h in Headers */,
				5622738917E3FBB400CC4184 /* gt_runtime.h in Headers */,
				5622738A17E3FBB400CC4184 /* gt_semaphore.h in Headers */,
				5622738C17E3FBB400CC4184 /* gt_string.h in Headers */,
				5622738F17E3FBB400CC4184 /* gt_timer_us.h in Headers */,
				5622739017E3FBB400CC4184 /* gt_type.h in Headers */,
				5622739117E3FBB400CC4184 /* gt_utf8.h in Headers */,
			);
			runOnlyForDeploymentPostprocessing = 0;
		};
/* End PBXHeadersBuildPhase section */

/* Begin PBXNativeTarget section */
		5622731017E3F9C100CC4184 /* gtlib_ios_framework */ = {
			isa = PBXNativeTarget;
			buildConfigurationList = 5622731F17E3F9C200CC4184 /* Build configuration list for PBXNativeTarget "gtlib_ios_framework" */;
			buildPhases = (
				5622730917E3F9C100CC4184 /* ShellScript */,
				5622730A17E3F9C100CC4184 /* Sources */,
				5622730B17E3F9C100CC4184 /* Frameworks */,
				5622730C17E3F9C100CC4184 /* Headers */,
				5622730D17E3F9C100CC4184 /* Resources */,
				5622730E17E3F9C100CC4184 /* ShellScript */,
				5622730F17E3F9C100CC4184 /* ShellScript */,
			);
			buildRules = (
			);
			dependencies = (
			);
			name = gtlib_ios_framework;
			productName = gtlib_ios_framework;
			productReference = 5622731117E3F9C100CC4184 /* gtlib_ios_framework.framework */;
			productType = "com.apple.product-type.framework.static";
		};
/* End PBXNativeTarget section */

/* Begin PBXProject section */
		5622730517E3F9C100CC4184 /* Project object */ = {
			isa = PBXProject;
			attributes = {
				LastUpgradeCheck = 0460;
				ORGANIZATIONNAME = Charles;
			};
			buildConfigurationList = 5622730817E3F9C100CC4184 /* Build configuration list for PBXProject "gtlib_ios_framework" */;
			compatibilityVersion = "Xcode 3.2";
			developmentRegion = English;
			hasScannedForEncodings = 0;
			knownRegions = (
				en,
			);
			mainGroup = 5622730417E3F9C100CC4184;
			productRefGroup = 5622731217E3F9C100CC4184 /* Products */;
			projectDirPath = "";
			projectRoot = "";
			targets = (
				5622731017E3F9C100CC4184 /* gtlib_ios_framework */,
			);
		};
/* End PBXProject section */

/* Begin PBXResourcesBuildPhase section */
		5622730D17E3F9C100CC4184 /* Resources */ = {
			isa = PBXResourcesBuildPhase;
			buildActionMask = 2147483647;
			files = (
				5622731B17E3F9C200CC4184 /* InfoPlist.strings in Resources */,
			);
			runOnlyForDeploymentPostprocessing = 0;
		};
/* End PBXResourcesBuildPhase section */

/* Begin PBXShellScriptBuildPhase section */
		5622730917E3F9C100CC4184 /* ShellScript */ = {
			isa = PBXShellScriptBuildPhase;
			buildActionMask = 2147483647;
			files = (
			);
			inputPaths = (
			);
			outputPaths = (
			);
			runOnlyForDeploymentPostprocessing = 0;
			shellPath = /bin/sh;
			shellScript = "set -e\n\nset +u\nif [[ $UFW_MASTER_SCRIPT_RUNNING ]]\nthen\n    # Nothing for the slave script to do\n    exit 0\nfi\nset -u\n\nif [[ \"$SDK_NAME\" =~ ([A-Za-z]+) ]]\nthen\n    UFW_SDK_PLATFORM=${BASH_REMATCH[1]}\nelse\n    echo \"Could not find platform name from SDK_NAME: $SDK_NAME\"\n    exit 1\nfi\n\nif [[ \"$SDK_NAME\" =~ ([0-9]+.*$) ]]\nthen\n\tUFW_SDK_VERSION=${BASH_REMATCH[1]}\nelse\n    echo \"Could not find sdk version  from SDK_NAME: $SDK_NAME\"\n    exit 1\nfi\n\nif [[ \"$UFW_SDK_PLATFORM\" = \"iphoneos\" ]]\nthen\n    UFW_OTHER_PLATFORM=iphonesimulator\nelse\n    UFW_OTHER_PLATFORM=iphoneos\nfi\n\nif [[ \"$BUILT_PRODUCTS_DIR\" =~ (.*)$UFW_SDK_PLATFORM$ ]]\nthen\n    UFW_OTHER_BUILT_PRODUCTS_DIR=\"${BASH_REMATCH[1]}${UFW_OTHER_PLATFORM}\"\nelse\n    echo \"Could not find $UFW_SDK_PLATFORM in $BUILT_PRODUCTS_DIR\"\n    exit 1\nfi\n\nONLY_ACTIVE_PLATFORM=${ONLY_ACTIVE_PLATFORM:-$ONLY_ACTIVE_ARCH}\n\n# Short-circuit if all binaries are up to date\n\nif [[ -f \"${BUILT_PRODUCTS_DIR}/${EXECUTABLE_PATH}\" ]] && \\\n   [[ -f \"${BUILT_PRODUCTS_DIR}/${PRODUCT_NAME}.embeddedframework/${EXECUTABLE_PATH}\" ]] && \\\n   [[ ! \"${BUILT_PRODUCTS_DIR}/${EXECUTABLE_PATH}\" -nt \"${BUILT_PRODUCTS_DIR}/${PRODUCT_NAME}.embeddedframework/${EXECUTABLE_PATH}\" ]] && \\\n  ([[ \"${ONLY_ACTIVE_PLATFORM}\" == \"YES\" ]] || \\\n    ([[ -f \"${UFW_OTHER_BUILT_PRODUCTS_DIR}/${EXECUTABLE_PATH}\" ]] && \\\n     [[ -f \"${UFW_OTHER_BUILT_PRODUCTS_DIR}/${PRODUCT_NAME}.embeddedframework/${EXECUTABLE_PATH}\" ]] && \\\n     [[ ! \"${UFW_OTHER_BUILT_PRODUCTS_DIR}/${EXECUTABLE_PATH}\" -nt \"${UFW_OTHER_BUILT_PRODUCTS_DIR}/${PRODUCT_NAME}.embeddedframework/${EXECUTABLE_PATH}\" ]]\n    )\n  )\nthen\n    exit 0\nfi\n\n\n# Clean other platform if needed\n\nif [[ ! -f \"${BUILT_PRODUCTS_DIR}/${EXECUTABLE_PATH}\" ]] && [[ \"${ONLY_ACTIVE_PLATFORM}\" != \"YES\" ]]\nthen\n\techo \"Platform \\\"$UFW_SDK_PLATFORM\\\" was cleaned recently. Cleaning \\\"$UFW_OTHER_PLATFORM\\\" as well\"\n\techo xcodebuild -project \"${PROJECT_FILE_PATH}\" -target \"${TARGET_NAME}\" -configuration \"${CONFIGURATION}\" -sdk ${UFW_OTHER_PLATFORM}${UFW_SDK_VERSION} BUILD_DIR=\"${BUILD_DIR}\" CONFIGURATION_TEMP_DIR=\"${PROJECT_TEMP_DIR}/${CONFIGURATION}-${UFW_OTHER_PLATFORM}\" clean\n\txcodebuild -project \"${PROJECT_FILE_PATH}\" -target \"${TARGET_NAME}\" -configuration \"${CONFIGURATION}\" -sdk ${UFW_OTHER_PLATFORM}${UFW_SDK_VERSION} BUILD_DIR=\"${BUILD_DIR}\" CONFIGURATION_TEMP_DIR=\"${PROJECT_TEMP_DIR}/${CONFIGURATION}-${UFW_OTHER_PLATFORM}\" clean\nfi\n\n\n# Make sure we are building from fresh binaries\n\nrm -rf \"${BUILT_PRODUCTS_DIR}/${EXECUTABLE_PATH}\"\nrm -rf \"${BUILT_PRODUCTS_DIR}/${PRODUCT_NAME}.embeddedframework\"\n\nif [[ \"${ONLY_ACTIVE_PLATFORM}\" != \"YES\" ]]\nthen\n    rm -rf \"${UFW_OTHER_BUILT_PRODUCTS_DIR}/${EXECUTABLE_PATH}\"\n    rm -rf \"${UFW_OTHER_BUILT_PRODUCTS_DIR}/${PRODUCT_NAME}.embeddedframework\"\nfi\n";
		};
		5622730E17E3F9C100CC4184 /* ShellScript */ = {
			isa = PBXShellScriptBuildPhase;
			buildActionMask = 2147483647;
			files = (
			);
			inputPaths = (
			);
			outputPaths = (
			);
			runOnlyForDeploymentPostprocessing = 0;
			shellPath = /bin/sh;
			shellScript = "HEADERS_ROOT=$SRCROOT/$PRODUCT_NAME\nFRAMEWORK_HEADERS_DIR=\"$BUILT_PRODUCTS_DIR/$WRAPPER_NAME/Versions/$FRAMEWORK_VERSION/Headers\"\n\n## only header files expected at this point\nPUBLIC_HEADERS=$(find $FRAMEWORK_HEADERS_DIR/. -not -type d 2> /dev/null | sed -e \"s@.*/@@g\")\n\nFIND_OPTS=\"\"\nfor PUBLIC_HEADER in $PUBLIC_HEADERS; do\n  if [ -n \"$FIND_OPTS\" ]; then\n    FIND_OPTS=\"$FIND_OPTS -o\"\n  fi\n  FIND_OPTS=\"$FIND_OPTS -name '$PUBLIC_HEADER'\"\ndone\n\nif [ -n \"$FIND_OPTS\" ]; then\n  for ORIG_HEADER in $(eval \"find $HEADERS_ROOT/. $FIND_OPTS\" 2> /dev/null | sed -e \"s@^$HEADERS_ROOT/./@@g\"); do\n    PUBLIC_HEADER=$(basename $ORIG_HEADER)\n    RELATIVE_PATH=$(dirname $ORIG_HEADER)\n    if [ -e $FRAMEWORK_HEADERS_DIR/$PUBLIC_HEADER ]; then\n      mkdir -p \"$FRAMEWORK_HEADERS_DIR/$RELATIVE_PATH\"\n      mv \"$FRAMEWORK_HEADERS_DIR/$PUBLIC_HEADER\" \"$FRAMEWORK_HEADERS_DIR/$RELATIVE_PATH/$PUBLIC_HEADER\"\n    fi\n  done\nfi\n";
		};
		5622730F17E3F9C100CC4184 /* ShellScript */ = {
			isa = PBXShellScriptBuildPhase;
			buildActionMask = 2147483647;
			files = (
			);
			inputPaths = (
			);
			outputPaths = (
			);
			runOnlyForDeploymentPostprocessing = 0;
			shellPath = /bin/sh;
			shellScript = "set -e\n\nset +u\nif [[ $UFW_MASTER_SCRIPT_RUNNING ]]\nthen\n    # Nothing for the slave script to do\n    exit 0\nfi\nset -u\nexport UFW_MASTER_SCRIPT_RUNNING=1\n\n\n# Functions\n\n## List files in the specified directory, storing to the specified array.\n#\n# @param $1 The path to list\n# @param $2 The name of the array to fill\n#\n##\nlist_files ()\n{\n    filelist=$(ls \"$1\")\n    while read line\n    do\n        eval \"$2[\\${#$2[*]}]=\\\"\\$line\\\"\"\n    done <<< \"$filelist\"\n}\n\n\n# Sanity check\n\nif [[ ! -f \"${BUILT_PRODUCTS_DIR}/${EXECUTABLE_PATH}\" ]]\nthen\n    echo \"Framework target \\\"${TARGET_NAME}\\\" had no source files to build from. Make sure your source files have the correct target membership\"\n    exit 1\nfi\n\n\n# Gather information\n\nif [[ \"$SDK_NAME\" =~ ([A-Za-z]+) ]]\nthen\n    UFW_SDK_PLATFORM=${BASH_REMATCH[1]}\nelse\n    echo \"Could not find platform name from SDK_NAME: $SDK_NAME\"\n    exit 1\nfi\n\nif [[ \"$SDK_NAME\" =~ ([0-9]+.*$) ]]\nthen\n    UFW_SDK_VERSION=${BASH_REMATCH[1]}\nelse\n    echo \"Could not find sdk version from SDK_NAME: $SDK_NAME\"\n    exit 1\nfi\n\nif [[ \"$UFW_SDK_PLATFORM\" = \"iphoneos\" ]]\nthen\n    UFW_OTHER_PLATFORM=iphonesimulator\nelse\n    UFW_OTHER_PLATFORM=iphoneos\nfi\n\nif [[ \"$BUILT_PRODUCTS_DIR\" =~ (.*)$UFW_SDK_PLATFORM$ ]]\nthen\n    UFW_OTHER_BUILT_PRODUCTS_DIR=\"${BASH_REMATCH[1]}${UFW_OTHER_PLATFORM}\"\nelse\n    echo \"Could not find $UFW_SDK_PLATFORM in $BUILT_PRODUCTS_DIR\"\n    exit 1\nfi\n\nONLY_ACTIVE_PLATFORM=${ONLY_ACTIVE_PLATFORM:-$ONLY_ACTIVE_ARCH}\n\n# Short-circuit if all binaries are up to date.\n# We already checked the other platform in the prerun script.\n\nif [[ -f \"${BUILT_PRODUCTS_DIR}/${EXECUTABLE_PATH}\" ]] && [[ -f \"${BUILT_PRODUCTS_DIR}/${PRODUCT_NAME}.embeddedframework/${EXECUTABLE_PATH}\" ]] && [[ ! \"${BUILT_PRODUCTS_DIR}/${EXECUTABLE_PATH}\" -nt \"${BUILT_PRODUCTS_DIR}/${PRODUCT_NAME}.embeddedframework/${EXECUTABLE_PATH}\" ]]\nthen\n    exit 0\nfi\n\nif [ \"${ONLY_ACTIVE_PLATFORM}\" == \"YES\" ]\nthen\n    echo \"ONLY_ACTIVE_PLATFORM=${ONLY_ACTIVE_PLATFORM}: Skipping other platform build\"\nelse\n    # Make sure the other platform gets built\n    \n    echo \"Build other platform\"\n    \n    echo xcodebuild -project \"${PROJECT_FILE_PATH}\" -target \"${TARGET_NAME}\" -configuration \"${CONFIGURATION}\" -sdk ${UFW_OTHER_PLATFORM}${UFW_SDK_VERSION} BUILD_DIR=\"${BUILD_DIR}\" CONFIGURATION_TEMP_DIR=\"${PROJECT_TEMP_DIR}/${CONFIGURATION}-${UFW_OTHER_PLATFORM}\" $ACTION\n    xcodebuild -project \"${PROJECT_FILE_PATH}\" -target \"${TARGET_NAME}\" -configuration \"${CONFIGURATION}\" -sdk ${UFW_OTHER_PLATFORM}${UFW_SDK_VERSION} BUILD_DIR=\"${BUILD_DIR}\" CONFIGURATION_TEMP_DIR=\"${PROJECT_TEMP_DIR}/${CONFIGURATION}-${UFW_OTHER_PLATFORM}\" $ACTION\n    \n    \n    # Build the fat static library binary\n    \n    echo \"Create universal static library\"\n    \nif [[ \"$XCODE_VERSION_MAJOR\" = \"0500\" ]]\nthen\n    echo \"$DT_TOOLCHAIN_DIR/usr/bin/libtool\" -static \"${BUILT_PRODUCTS_DIR}/${EXECUTABLE_PATH}\" \"${UFW_OTHER_BUILT_PRODUCTS_DIR}/${EXECUTABLE_PATH}\" -o \"${BUILT_PRODUCTS_DIR}/${EXECUTABLE_PATH}.temp\"\n    \"$DT_TOOLCHAIN_DIR/usr/bin/libtool\" -static \"${BUILT_PRODUCTS_DIR}/${EXECUTABLE_PATH}\" \"${UFW_OTHER_BUILT_PRODUCTS_DIR}/${EXECUTABLE_PATH}\" -o \"${BUILT_PRODUCTS_DIR}/${EXECUTABLE_PATH}.temp\"\nelse\n    echo \"$PLATFORM_DEVELOPER_BIN_DIR/libtool\" -static \"${BUILT_PRODUCTS_DIR}/${EXECUTABLE_PATH}\" \"${UFW_OTHER_BUILT_PRODUCTS_DIR}/${EXECUTABLE_PATH}\" -o \"${BUILT_PRODUCTS_DIR}/${EXECUTABLE_PATH}.temp\"\n    \"$PLATFORM_DEVELOPER_BIN_DIR/libtool\" -static \"${BUILT_PRODUCTS_DIR}/${EXECUTABLE_PATH}\" \"${UFW_OTHER_BUILT_PRODUCTS_DIR}/${EXECUTABLE_PATH}\" -o \"${BUILT_PRODUCTS_DIR}/${EXECUTABLE_PATH}.temp\"\nfi \n    echo mv \"${BUILT_PRODUCTS_DIR}/${EXECUTABLE_PATH}.temp\" \"${BUILT_PRODUCTS_DIR}/${EXECUTABLE_PATH}\"\n    mv \"${BUILT_PRODUCTS_DIR}/${EXECUTABLE_PATH}.temp\" \"${BUILT_PRODUCTS_DIR}/${EXECUTABLE_PATH}\"\nfi\n\n# Build embedded framework structure\n\necho \"Build Embedded Framework\"\n\necho rm -rf \"${BUILT_PRODUCTS_DIR}/${PRODUCT_NAME}.embeddedframework\"\nrm -rf \"${BUILT_PRODUCTS_DIR}/${PRODUCT_NAME}.embeddedframework\"\necho mkdir -p \"${BUILT_PRODUCTS_DIR}/${PRODUCT_NAME}.embeddedframework/Resources\"\nmkdir -p \"${BUILT_PRODUCTS_DIR}/${PRODUCT_NAME}.embeddedframework/Resources\"\necho cp -a \"${BUILT_PRODUCTS_DIR}/${WRAPPER_NAME}\" \"${BUILT_PRODUCTS_DIR}/${PRODUCT_NAME}.embeddedframework/\"\ncp -a \"${BUILT_PRODUCTS_DIR}/${WRAPPER_NAME}\" \"${BUILT_PRODUCTS_DIR}/${PRODUCT_NAME}.embeddedframework/\"\n\ndeclare -a UFW_FILE_LIST\nlist_files \"${BUILT_PRODUCTS_DIR}/${UNLOCALIZED_RESOURCES_FOLDER_PATH}\" UFW_FILE_LIST\nfor filename in \"${UFW_FILE_LIST[@]}\"\ndo\n    if [[ \"${filename}\" != \"Info.plist\" ]] && [[ ! \"${filename}\" =~ .*\\.lproj$ ]]\n    then\n        echo ln -sfh \"../${WRAPPER_NAME}/Resources/${filename}\" \"${BUILT_PRODUCTS_DIR}/${PRODUCT_NAME}.embeddedframework/Resources/${filename}\"\n        ln -sfh \"../${WRAPPER_NAME}/Resources/${filename}\" \"${BUILT_PRODUCTS_DIR}/${PRODUCT_NAME}.embeddedframework/Resources/${filename}\"\n    fi\ndone\n\n\nif [ \"${ONLY_ACTIVE_PLATFORM}\" != \"YES\" ]\nthen\n    # Replace other platform's framework with a copy of this one (so that both have the same universal binary)\n    \n    echo \"Copy from $UFW_SDK_PLATFORM to $UFW_OTHER_PLATFORM\"\n    \n    echo rm -rf \"${BUILD_DIR}/${CONFIGURATION}-${UFW_OTHER_PLATFORM}\"\n    rm -rf \"${BUILD_DIR}/${CONFIGURATION}-${UFW_OTHER_PLATFORM}\"\n    echo cp -a \"${BUILD_DIR}/${CONFIGURATION}-${UFW_SDK_PLATFORM}\" \"${BUILD_DIR}/${CONFIGURATION}-${UFW_OTHER_PLATFORM}\"\n    cp -a \"${BUILD_DIR}/${CONFIGURATION}-${UFW_SDK_PLATFORM}\" \"${BUILD_DIR}/${CONFIGURATION}-${UFW_OTHER_PLATFORM}\"\nfi\n";
		};
/* End PBXShellScriptBuildPhase section */

/* Begin PBXSourcesBuildPhase section */
		5622730A17E3F9C100CC4184 /* Sources */ = {
			isa = PBXSourcesBuildPhase;
			buildActionMask = 2147483647;
			files = (
				5622739217E3FBB400CC4184 /* gt_array.c in Sources */,
				5622739417E3FBB400CC4184 /* gt_buffer.c in Sources */,
				5622739517E3FBB400CC4184 /* gt_color.c in Sources */,
				5622739817E3FBB400CC4184 /* gt_file.c in Sources */,
				5622739A17E3FBB400CC4184 /* gt_hash_map.c in Sources */,
				562273A417E3FBB400CC4184 /* gt_lock.c in Sources */,
				562273A517E3FBB400CC4184 /* gt_log.c in Sources */,
				562273A617E3FBB400CC4184 /* gt_math.c in Sources */,
				562273A917E3FBB400CC4184 /* gt_mem.c in Sources */,
				562273AC17E3FBB400CC4184 /* gt_runtime.c in Sources */,
				562273AD17E3FBB400CC4184 /* gt_semaphore.c in Sources */,
				562273AF17E3FBB400CC4184 /* gt_string.c in Sources */,
				562273B217E3FBB400CC4184 /* gt_timer_us.c in Sources */,
				562273B317E3FBB400CC4184 /* gt_utf8.c in Sources */,
				562273BB17E3FF0B00CC4184 /* gt_lib.c in Sources */,
			);
			runOnlyForDeploymentPostprocessing = 0;
		};
/* End PBXSourcesBuildPhase section */

/* Begin PBXVariantGroup section */
		5622731917E3F9C200CC4184 /* InfoPlist.strings */ = {
			isa = PBXVariantGroup;
			children = (
				5622731A17E3F9C200CC4184 /* en */,
			);
			name = InfoPlist.strings;
			sourceTree = "<group>";
		};
/* End PBXVariantGroup section */

/* Begin XCBuildConfiguration section */
		5622731D17E3F9C200CC4184 /* Debug */ = {
			isa = XCBuildConfiguration;
			buildSettings = {
				ALWAYS_SEARCH_USER_PATHS = NO;
				CLANG_CXX_LANGUAGE_STANDARD = "gnu++0x";
				CLANG_CXX_LIBRARY = "libc++";
				CLANG_ENABLE_OBJC_ARC = YES;
				CLANG_WARN_CONSTANT_CONVERSION = YES;
				CLANG_WARN_EMPTY_BODY = YES;
				CLANG_WARN_ENUM_CONVERSION = YES;
				CLANG_WARN_INT_CONVERSION = YES;
				CLANG_WARN__DUPLICATE_METHOD_MATCH = YES;
				COPY_PHASE_STRIP = NO;
				GCC_C_LANGUAGE_STANDARD = gnu99;
				GCC_DYNAMIC_NO_PIC = NO;
				GCC_OPTIMIZATION_LEVEL = 0;
				GCC_PREPROCESSOR_DEFINITIONS = (
					"DEBUG=1",
					"$(inherited)",
				);
				GCC_SYMBOLS_PRIVATE_EXTERN = NO;
				GCC_WARN_ABOUT_RETURN_TYPE = YES;
				GCC_WARN_UNINITIALIZED_AUTOS = YES;
				GCC_WARN_UNUSED_VARIABLE = YES;
				IPHONEOS_DEPLOYMENT_TARGET = 6.1;
				ONLY_ACTIVE_ARCH = YES;
				SDKROOT = iphoneos;
			};
			name = Debug;
		};
		5622731E17E3F9C200CC4184 /* Release */ = {
			isa = XCBuildConfiguration;
			buildSettings = {
				ALWAYS_SEARCH_USER_PATHS = NO;
				CLANG_CXX_LANGUAGE_STANDARD = "gnu++0x";
				CLANG_CXX_LIBRARY = "libc++";
				CLANG_ENABLE_OBJC_ARC = YES;
				CLANG_WARN_CONSTANT_CONVERSION = YES;
				CLANG_WARN_EMPTY_BODY = YES;
				CLANG_WARN_ENUM_CONVERSION = YES;
				CLANG_WARN_INT_CONVERSION = YES;
				CLANG_WARN__DUPLICATE_METHOD_MATCH = YES;
				COPY_PHASE_STRIP = YES;
				GCC_C_LANGUAGE_STANDARD = gnu99;
				GCC_WARN_ABOUT_RETURN_TYPE = YES;
				GCC_WARN_UNINITIALIZED_AUTOS = YES;
				GCC_WARN_UNUSED_VARIABLE = YES;
				IPHONEOS_DEPLOYMENT_TARGET = 6.1;
				SDKROOT = iphoneos;
				VALIDATE_PRODUCT = YES;
			};
			name = Release;
		};
		5622732017E3F9C200CC4184 /* Debug */ = {
			isa = XCBuildConfiguration;
			buildSettings = {
				ARCHS = (
					armv6,
					"$(ARCHS_STANDARD_32_BIT)",
				);
				DYLIB_COMPATIBILITY_VERSION = 1;
				DYLIB_CURRENT_VERSION = 1;
				FRAMEWORK_VERSION = A;
				GCC_PRECOMPILE_PREFIX_HEADER = YES;
				GCC_PREFIX_HEADER = "gtlib_ios_framework/gtlib_ios_framework-Prefix.pch";
				GCC_PREPROCESSOR_DEFINITIONS = (
					"DEBUG=1",
					GT_CONFIG_IOS,
					"$(inherited)",
					GT_CONFIG_LLVM,
					GT_CONFIG_ARM,
				);
				INFOPLIST_FILE = "gtlib_ios_framework/gtlib_ios_framework-Info.plist";
				PRODUCT_NAME = "$(TARGET_NAME)";
				SKIP_INSTALL = YES;
				WRAPPER_EXTENSION = framework;
			};
			name = Debug;
		};
		5622732117E3F9C200CC4184 /* Release */ = {
			isa = XCBuildConfiguration;
			buildSettings = {
				ARCHS = (
					armv6,
					"$(ARCHS_STANDARD_32_BIT)",
				);
				DYLIB_COMPATIBILITY_VERSION = 1;
				DYLIB_CURRENT_VERSION = 1;
				FRAMEWORK_VERSION = A;
				GCC_PRECOMPILE_PREFIX_HEADER = YES;
				GCC_PREFIX_HEADER = "gtlib_ios_framework/gtlib_ios_framework-Prefix.pch";
				GCC_PREPROCESSOR_DEFINITIONS = (
					GT_CONFIG_IOS,
					GT_CONFIG_LLVM,
					GT_CONFIG_ARM,
				);
				INFOPLIST_FILE = "gtlib_ios_framework/gtlib_ios_framework-Info.plist";
				PRODUCT_NAME = "$(TARGET_NAME)";
				SKIP_INSTALL = YES;
				WRAPPER_EXTENSION = framework;
			};
			name = Release;
		};
/* End XCBuildConfiguration section */

/* Begin XCConfigurationList section */
		5622730817E3F9C100CC4184 /* Build configuration list for PBXProject "gtlib_ios_framework" */ = {
			isa = XCConfigurationList;
			buildConfigurations = (
				5622731D17E3F9C200CC4184 /* Debug */,
				5622731E17E3F9C200CC4184 /* Release */,
			);
			defaultConfigurationIsVisible = 0;
			defaultConfigurationName = Release;
		};
		5622731F17E3F9C200CC4184 /* Build configuration list for PBXNativeTarget "gtlib_ios_framework" */ = {
			isa = XCConfigurationList;
			buildConfigurations = (
				5622732017E3F9C200CC4184 /* Debug */,
				5622732117E3F9C200CC4184 /* Release */,
			);
			defaultConfigurationIsVisible = 0;
			defaultConfigurationName = Release;
		};
/* End XCConfigurationList section */
	};
	rootObject = 5622730517E3F9C100CC4184 /* Project object */;
}
