// !$*UTF8*$!
{
	archiveVersion = 1;
	classes = {
	};
	objectVersion = 46;
	objects = {

/* Begin PBXBuildFile section */
		183EDBE017E593B500DB5520 /* Foundation.framework in Frameworks */ = {isa = PBXBuildFile; fileRef = 183EDBDF17E593B500DB5520 /* Foundation.framework */; };
		183EDBE617E593B500DB5520 /* InfoPlist.strings in Resources */ = {isa = PBXBuildFile; fileRef = 183EDBE417E593B500DB5520 /* InfoPlist.strings */; };
		183EDDA817E5953D00DB5520 /* gt_config.h in Headers */ = {isa = PBXBuildFile; fileRef = 183EDDA717E5953D00DB5520 /* gt_config.h */; settings = {ATTRIBUTES = (Public, ); }; };
		18F3143B17E5B1F40015BE5E /* gt_array.h in Headers */ = {isa = PBXBuildFile; fileRef = 18F313F017E5B1F40015BE5E /* gt_array.h */; settings = {ATTRIBUTES = (Public, ); }; };
		18F3143C17E5B1F40015BE5E /* gt_bitmap.h in Headers */ = {isa = PBXBuildFile; fileRef = 18F313F117E5B1F40015BE5E /* gt_bitmap.h */; settings = {ATTRIBUTES = (Public, ); }; };
		18F3143D17E5B1F40015BE5E /* gt_buffer.h in Headers */ = {isa = PBXBuildFile; fileRef = 18F313F217E5B1F40015BE5E /* gt_buffer.h */; settings = {ATTRIBUTES = (Public, ); }; };
		18F3143E17E5B1F40015BE5E /* gt_color.h in Headers */ = {isa = PBXBuildFile; fileRef = 18F313F317E5B1F40015BE5E /* gt_color.h */; settings = {ATTRIBUTES = (Public, ); }; };
		18F3143F17E5B1F40015BE5E /* gt_config_parser.h in Headers */ = {isa = PBXBuildFile; fileRef = 18F313F417E5B1F40015BE5E /* gt_config_parser.h */; settings = {ATTRIBUTES = (Public, ); }; };
		18F3144017E5B1F40015BE5E /* gt_face_detection.h in Headers */ = {isa = PBXBuildFile; fileRef = 18F313F517E5B1F40015BE5E /* gt_face_detection.h */; settings = {ATTRIBUTES = (Public, ); }; };
		18F3144117E5B1F40015BE5E /* gt_fifo.h in Headers */ = {isa = PBXBuildFile; fileRef = 18F313F617E5B1F40015BE5E /* gt_fifo.h */; settings = {ATTRIBUTES = (Public, ); }; };
		18F3144217E5B1F40015BE5E /* gt_file.h in Headers */ = {isa = PBXBuildFile; fileRef = 18F313F717E5B1F40015BE5E /* gt_file.h */; settings = {ATTRIBUTES = (Public, ); }; };
		18F3144317E5B1F40015BE5E /* gt_hash.h in Headers */ = {isa = PBXBuildFile; fileRef = 18F313F817E5B1F40015BE5E /* gt_hash.h */; settings = {ATTRIBUTES = (Public, ); }; };
		18F3144417E5B1F40015BE5E /* gt_hash_map.h in Headers */ = {isa = PBXBuildFile; fileRef = 18F313F917E5B1F40015BE5E /* gt_hash_map.h */; settings = {ATTRIBUTES = (Public, ); }; };
		18F3144517E5B1F40015BE5E /* gt_http.h in Headers */ = {isa = PBXBuildFile; fileRef = 18F313FA17E5B1F40015BE5E /* gt_http.h */; settings = {ATTRIBUTES = (Public, ); }; };
		18F3144617E5B1F40015BE5E /* gt_httpd.h in Headers */ = {isa = PBXBuildFile; fileRef = 18F313FB17E5B1F40015BE5E /* gt_httpd.h */; settings = {ATTRIBUTES = (Public, ); }; };
		18F3144717E5B1F40015BE5E /* gt_image.h in Headers */ = {isa = PBXBuildFile; fileRef = 18F313FC17E5B1F40015BE5E /* gt_image.h */; settings = {ATTRIBUTES = (Public, ); }; };
		18F3144817E5B1F40015BE5E /* gt_image_barcode.h in Headers */ = {isa = PBXBuildFile; fileRef = 18F313FD17E5B1F40015BE5E /* gt_image_barcode.h */; settings = {ATTRIBUTES = (Public, ); }; };
		18F3144917E5B1F40015BE5E /* gt_image_cuda.h in Headers */ = {isa = PBXBuildFile; fileRef = 18F313FE17E5B1F40015BE5E /* gt_image_cuda.h */; settings = {ATTRIBUTES = (Public, ); }; };
		18F3144A17E5B1F40015BE5E /* gt_image_mt.h in Headers */ = {isa = PBXBuildFile; fileRef = 18F313FF17E5B1F40015BE5E /* gt_image_mt.h */; settings = {ATTRIBUTES = (Public, ); }; };
		18F3144B17E5B1F40015BE5E /* gt_image_ocl.h in Headers */ = {isa = PBXBuildFile; fileRef = 18F3140017E5B1F40015BE5E /* gt_image_ocl.h */; settings = {ATTRIBUTES = (Public, ); }; };
		18F3144C17E5B1F40015BE5E /* gt_image_ocv.h in Headers */ = {isa = PBXBuildFile; fileRef = 18F3140117E5B1F40015BE5E /* gt_image_ocv.h */; settings = {ATTRIBUTES = (Public, ); }; };
		18F3144D17E5B1F40015BE5E /* gt_lib.h in Headers */ = {isa = PBXBuildFile; fileRef = 18F3140217E5B1F40015BE5E /* gt_lib.h */; settings = {ATTRIBUTES = (Public, ); }; };
		18F3144E17E5B1F40015BE5E /* gt_lock.h in Headers */ = {isa = PBXBuildFile; fileRef = 18F3140317E5B1F40015BE5E /* gt_lock.h */; settings = {ATTRIBUTES = (Public, ); }; };
		18F3144F17E5B1F40015BE5E /* gt_log.h in Headers */ = {isa = PBXBuildFile; fileRef = 18F3140417E5B1F40015BE5E /* gt_log.h */; settings = {ATTRIBUTES = (Public, ); }; };
		18F3145017E5B1F40015BE5E /* gt_magic.h in Headers */ = {isa = PBXBuildFile; fileRef = 18F3140517E5B1F40015BE5E /* gt_magic.h */; settings = {ATTRIBUTES = (Public, ); }; };
		18F3145117E5B1F40015BE5E /* gt_math.h in Headers */ = {isa = PBXBuildFile; fileRef = 18F3140617E5B1F40015BE5E /* gt_math.h */; settings = {ATTRIBUTES = (Public, ); }; };
		18F3145217E5B1F40015BE5E /* gt_matrix.h in Headers */ = {isa = PBXBuildFile; fileRef = 18F3140717E5B1F40015BE5E /* gt_matrix.h */; settings = {ATTRIBUTES = (Public, ); }; };
		18F3145317E5B1F40015BE5E /* gt_media_player.h in Headers */ = {isa = PBXBuildFile; fileRef = 18F3140817E5B1F40015BE5E /* gt_media_player.h */; settings = {ATTRIBUTES = (Public, ); }; };
		18F3145417E5B1F40015BE5E /* gt_mem.h in Headers */ = {isa = PBXBuildFile; fileRef = 18F3140917E5B1F40015BE5E /* gt_mem.h */; settings = {ATTRIBUTES = (Public, ); }; };
		18F3145517E5B1F40015BE5E /* gt_pdf.h in Headers */ = {isa = PBXBuildFile; fileRef = 18F3140A17E5B1F40015BE5E /* gt_pdf.h */; settings = {ATTRIBUTES = (Public, ); }; };
		18F3145617E5B1F40015BE5E /* gt_pid.h in Headers */ = {isa = PBXBuildFile; fileRef = 18F3140B17E5B1F40015BE5E /* gt_pid.h */; settings = {ATTRIBUTES = (Public, ); }; };
		18F3145717E5B1F40015BE5E /* gt_readme.h in Headers */ = {isa = PBXBuildFile; fileRef = 18F3140C17E5B1F40015BE5E /* gt_readme.h */; settings = {ATTRIBUTES = (Public, ); }; };
		18F3145817E5B1F40015BE5E /* gt_ret.h in Headers */ = {isa = PBXBuildFile; fileRef = 18F3140D17E5B1F40015BE5E /* gt_ret.h */; settings = {ATTRIBUTES = (Public, ); }; };
		18F3145917E5B1F40015BE5E /* gt_runtime.h in Headers */ = {isa = PBXBuildFile; fileRef = 18F3140E17E5B1F40015BE5E /* gt_runtime.h */; settings = {ATTRIBUTES = (Public, ); }; };
		18F3145A17E5B1F40015BE5E /* gt_semaphore.h in Headers */ = {isa = PBXBuildFile; fileRef = 18F3140F17E5B1F40015BE5E /* gt_semaphore.h */; settings = {ATTRIBUTES = (Public, ); }; };
		18F3145B17E5B1F40015BE5E /* gt_stack.h in Headers */ = {isa = PBXBuildFile; fileRef = 18F3141017E5B1F40015BE5E /* gt_stack.h */; settings = {ATTRIBUTES = (Public, ); }; };
		18F3145C17E5B1F40015BE5E /* gt_string.h in Headers */ = {isa = PBXBuildFile; fileRef = 18F3141117E5B1F40015BE5E /* gt_string.h */; settings = {ATTRIBUTES = (Public, ); }; };
		18F3145D17E5B1F40015BE5E /* gt_svm.h in Headers */ = {isa = PBXBuildFile; fileRef = 18F3141217E5B1F40015BE5E /* gt_svm.h */; settings = {ATTRIBUTES = (Public, ); }; };
		18F3145E17E5B1F40015BE5E /* gt_template.h in Headers */ = {isa = PBXBuildFile; fileRef = 18F3141317E5B1F40015BE5E /* gt_template.h */; settings = {ATTRIBUTES = (Public, ); }; };
		18F3145F17E5B1F40015BE5E /* gt_timer_us.h in Headers */ = {isa = PBXBuildFile; fileRef = 18F3141417E5B1F40015BE5E /* gt_timer_us.h */; settings = {ATTRIBUTES = (Public, ); }; };
		18F3146017E5B1F40015BE5E /* gt_type.h in Headers */ = {isa = PBXBuildFile; fileRef = 18F3141517E5B1F40015BE5E /* gt_type.h */; settings = {ATTRIBUTES = (Public, ); }; };
		18F3146117E5B1F40015BE5E /* gt_utf8.h in Headers */ = {isa = PBXBuildFile; fileRef = 18F3141617E5B1F40015BE5E /* gt_utf8.h */; settings = {ATTRIBUTES = (Public, ); }; };
		18F3146217E5B1F40015BE5E /* gt_array.c in Sources */ = {isa = PBXBuildFile; fileRef = 18F3141817E5B1F40015BE5E /* gt_array.c */; };
		18F3146317E5B1F40015BE5E /* gt_bitmap.c in Sources */ = {isa = PBXBuildFile; fileRef = 18F3141917E5B1F40015BE5E /* gt_bitmap.c */; };
		18F3146417E5B1F40015BE5E /* gt_buffer.c in Sources */ = {isa = PBXBuildFile; fileRef = 18F3141A17E5B1F40015BE5E /* gt_buffer.c */; };
		18F3146517E5B1F40015BE5E /* gt_color.c in Sources */ = {isa = PBXBuildFile; fileRef = 18F3141B17E5B1F40015BE5E /* gt_color.c */; };
		18F3146617E5B1F40015BE5E /* gt_config_parser.c in Sources */ = {isa = PBXBuildFile; fileRef = 18F3141C17E5B1F40015BE5E /* gt_config_parser.c */; };
		18F3146717E5B1F40015BE5E /* gt_face_detection.c in Sources */ = {isa = PBXBuildFile; fileRef = 18F3141D17E5B1F40015BE5E /* gt_face_detection.c */; };
		18F3146817E5B1F40015BE5E /* gt_fifo.c in Sources */ = {isa = PBXBuildFile; fileRef = 18F3141E17E5B1F40015BE5E /* gt_fifo.c */; };
		18F3146917E5B1F40015BE5E /* gt_file.c in Sources */ = {isa = PBXBuildFile; fileRef = 18F3141F17E5B1F40015BE5E /* gt_file.c */; };
		18F3146A17E5B1F40015BE5E /* gt_hash.c in Sources */ = {isa = PBXBuildFile; fileRef = 18F3142017E5B1F40015BE5E /* gt_hash.c */; };
		18F3146B17E5B1F40015BE5E /* gt_hash_map.c in Sources */ = {isa = PBXBuildFile; fileRef = 18F3142117E5B1F40015BE5E /* gt_hash_map.c */; };
		18F3146C17E5B1F40015BE5E /* gt_http.c in Sources */ = {isa = PBXBuildFile; fileRef = 18F3142217E5B1F40015BE5E /* gt_http.c */; };
		18F3146D17E5B1F40015BE5E /* gt_httpd.c in Sources */ = {isa = PBXBuildFile; fileRef = 18F3142317E5B1F40015BE5E /* gt_httpd.c */; };
		18F3146E17E5B1F40015BE5E /* gt_image.c in Sources */ = {isa = PBXBuildFile; fileRef = 18F3142417E5B1F40015BE5E /* gt_image.c */; };
		18F3146F17E5B1F40015BE5E /* gt_image_barcode.c in Sources */ = {isa = PBXBuildFile; fileRef = 18F3142517E5B1F40015BE5E /* gt_image_barcode.c */; };
		18F3147017E5B1F40015BE5E /* gt_image_cuda.cu in Resources */ = {isa = PBXBuildFile; fileRef = 18F3142617E5B1F40015BE5E /* gt_image_cuda.cu */; };
		18F3147117E5B1F40015BE5E /* gt_image_mt.c in Sources */ = {isa = PBXBuildFile; fileRef = 18F3142717E5B1F40015BE5E /* gt_image_mt.c */; };
		18F3147217E5B1F40015BE5E /* gt_image_ocl.c in Sources */ = {isa = PBXBuildFile; fileRef = 18F3142817E5B1F40015BE5E /* gt_image_ocl.c */; };
		18F3147317E5B1F40015BE5E /* gt_image_ocv.cpp in Sources */ = {isa = PBXBuildFile; fileRef = 18F3142917E5B1F40015BE5E /* gt_image_ocv.cpp */; };
		18F3147417E5B1F40015BE5E /* gt_lib.c in Sources */ = {isa = PBXBuildFile; fileRef = 18F3142A17E5B1F40015BE5E /* gt_lib.c */; };
		18F3147517E5B1F40015BE5E /* gt_lock.c in Sources */ = {isa = PBXBuildFile; fileRef = 18F3142B17E5B1F40015BE5E /* gt_lock.c */; };
		18F3147617E5B1F40015BE5E /* gt_log.c in Sources */ = {isa = PBXBuildFile; fileRef = 18F3142C17E5B1F40015BE5E /* gt_log.c */; };
		18F3147717E5B1F40015BE5E /* gt_math.c in Sources */ = {isa = PBXBuildFile; fileRef = 18F3142D17E5B1F40015BE5E /* gt_math.c */; };
		18F3147817E5B1F40015BE5E /* gt_matrix.c in Sources */ = {isa = PBXBuildFile; fileRef = 18F3142E17E5B1F40015BE5E /* gt_matrix.c */; };
		18F3147917E5B1F40015BE5E /* gt_media_player.c in Sources */ = {isa = PBXBuildFile; fileRef = 18F3142F17E5B1F40015BE5E /* gt_media_player.c */; };
		18F3147A17E5B1F40015BE5E /* gt_mem.c in Sources */ = {isa = PBXBuildFile; fileRef = 18F3143017E5B1F40015BE5E /* gt_mem.c */; };
		18F3147B17E5B1F40015BE5E /* gt_pdf.c in Sources */ = {isa = PBXBuildFile; fileRef = 18F3143117E5B1F40015BE5E /* gt_pdf.c */; };
		18F3147C17E5B1F40015BE5E /* gt_pid.c in Sources */ = {isa = PBXBuildFile; fileRef = 18F3143217E5B1F40015BE5E /* gt_pid.c */; };
		18F3147D17E5B1F40015BE5E /* gt_runtime.c in Sources */ = {isa = PBXBuildFile; fileRef = 18F3143317E5B1F40015BE5E /* gt_runtime.c */; };
		18F3147E17E5B1F40015BE5E /* gt_semaphore.c in Sources */ = {isa = PBXBuildFile; fileRef = 18F3143417E5B1F40015BE5E /* gt_semaphore.c */; };
		18F3147F17E5B1F40015BE5E /* gt_stack.c in Sources */ = {isa = PBXBuildFile; fileRef = 18F3143517E5B1F40015BE5E /* gt_stack.c */; };
		18F3148017E5B1F40015BE5E /* gt_string.c in Sources */ = {isa = PBXBuildFile; fileRef = 18F3143617E5B1F40015BE5E /* gt_string.c */; };
		18F3148117E5B1F40015BE5E /* gt_svm.cpp in Sources */ = {isa = PBXBuildFile; fileRef = 18F3143717E5B1F40015BE5E /* gt_svm.cpp */; };
		18F3148217E5B1F40015BE5E /* gt_template.c in Sources */ = {isa = PBXBuildFile; fileRef = 18F3143817E5B1F40015BE5E /* gt_template.c */; };
		18F3148317E5B1F40015BE5E /* gt_timer_us.c in Sources */ = {isa = PBXBuildFile; fileRef = 18F3143917E5B1F40015BE5E /* gt_timer_us.c */; };
		18F3148417E5B1F40015BE5E /* gt_utf8.c in Sources */ = {isa = PBXBuildFile; fileRef = 18F3143A17E5B1F40015BE5E /* gt_utf8.c */; };
		18F3148F17E5B21E0015BE5E /* md5.h in Headers */ = {isa = PBXBuildFile; fileRef = 18F3148617E5B21E0015BE5E /* md5.h */; settings = {ATTRIBUTES = (Public, ); }; };
		18F3149017E5B21E0015BE5E /* md5c.c in Sources */ = {isa = PBXBuildFile; fileRef = 18F3148717E5B21E0015BE5E /* md5c.c */; };
		18F3149117E5B21E0015BE5E /* sha1.c in Sources */ = {isa = PBXBuildFile; fileRef = 18F3148817E5B21E0015BE5E /* sha1.c */; };
		18F3149217E5B21E0015BE5E /* sha1.h in Headers */ = {isa = PBXBuildFile; fileRef = 18F3148917E5B21E0015BE5E /* sha1.h */; settings = {ATTRIBUTES = (Public, ); }; };
		18F3149317E5B21E0015BE5E /* sha256.c in Sources */ = {isa = PBXBuildFile; fileRef = 18F3148A17E5B21E0015BE5E /* sha256.c */; };
		18F3149417E5B21E0015BE5E /* sha256.h in Headers */ = {isa = PBXBuildFile; fileRef = 18F3148B17E5B21E0015BE5E /* sha256.h */; settings = {ATTRIBUTES = (Public, ); }; };
		18F3149517E5B21E0015BE5E /* svm.cpp in Sources */ = {isa = PBXBuildFile; fileRef = 18F3148D17E5B21E0015BE5E /* svm.cpp */; };
		18F3149617E5B21E0015BE5E /* svm.h in Headers */ = {isa = PBXBuildFile; fileRef = 18F3148E17E5B21E0015BE5E /* svm.h */; settings = {ATTRIBUTES = (Public, ); }; };
/* End PBXBuildFile section */

/* Begin PBXFileReference section */
		183EDBDC17E593B500DB5520 /* ios_framework.framework */ = {isa = PBXFileReference; explicitFileType = wrapper.framework.static; includeInIndex = 0; path = ios_framework.framework; sourceTree = BUILT_PRODUCTS_DIR; };
		183EDBDF17E593B500DB5520 /* Foundation.framework */ = {isa = PBXFileReference; lastKnownFileType = wrapper.framework; name = Foundation.framework; path = System/Library/Frameworks/Foundation.framework; sourceTree = SDKROOT; };
		183EDBE317E593B500DB5520 /* ios_framework-Info.plist */ = {isa = PBXFileReference; lastKnownFileType = text.plist.xml; path = "ios_framework-Info.plist"; sourceTree = "<group>"; };
		183EDBE517E593B500DB5520 /* en */ = {isa = PBXFileReference; lastKnownFileType = text.plist.strings; name = en; path = en.lproj/InfoPlist.strings; sourceTree = "<group>"; };
		183EDBE717E593B500DB5520 /* ios_framework-Prefix.pch */ = {isa = PBXFileReference; lastKnownFileType = sourcecode.c.h; path = "ios_framework-Prefix.pch"; sourceTree = "<group>"; };
		183EDDA717E5953D00DB5520 /* gt_config.h */ = {isa = PBXFileReference; fileEncoding = 4; lastKnownFileType = sourcecode.c.h; path = gt_config.h; sourceTree = "<group>"; };
		18F313F017E5B1F40015BE5E /* gt_array.h */ = {isa = PBXFileReference; fileEncoding = 4; lastKnownFileType = sourcecode.c.h; path = gt_array.h; sourceTree = "<group>"; };
		18F313F117E5B1F40015BE5E /* gt_bitmap.h */ = {isa = PBXFileReference; fileEncoding = 4; lastKnownFileType = sourcecode.c.h; path = gt_bitmap.h; sourceTree = "<group>"; };
		18F313F217E5B1F40015BE5E /* gt_buffer.h */ = {isa = PBXFileReference; fileEncoding = 4; lastKnownFileType = sourcecode.c.h; path = gt_buffer.h; sourceTree = "<group>"; };
		18F313F317E5B1F40015BE5E /* gt_color.h */ = {isa = PBXFileReference; fileEncoding = 4; lastKnownFileType = sourcecode.c.h; path = gt_color.h; sourceTree = "<group>"; };
		18F313F417E5B1F40015BE5E /* gt_config_parser.h */ = {isa = PBXFileReference; fileEncoding = 4; lastKnownFileType = sourcecode.c.h; path = gt_config_parser.h; sourceTree = "<group>"; };
		18F313F517E5B1F40015BE5E /* gt_face_detection.h */ = {isa = PBXFileReference; fileEncoding = 4; lastKnownFileType = sourcecode.c.h; path = gt_face_detection.h; sourceTree = "<group>"; };
		18F313F617E5B1F40015BE5E /* gt_fifo.h */ = {isa = PBXFileReference; fileEncoding = 4; lastKnownFileType = sourcecode.c.h; path = gt_fifo.h; sourceTree = "<group>"; };
		18F313F717E5B1F40015BE5E /* gt_file.h */ = {isa = PBXFileReference; fileEncoding = 4; lastKnownFileType = sourcecode.c.h; path = gt_file.h; sourceTree = "<group>"; };
		18F313F817E5B1F40015BE5E /* gt_hash.h */ = {isa = PBXFileReference; fileEncoding = 4; lastKnownFileType = sourcecode.c.h; path = gt_hash.h; sourceTree = "<group>"; };
		18F313F917E5B1F40015BE5E /* gt_hash_map.h */ = {isa = PBXFileReference; fileEncoding = 4; lastKnownFileType = sourcecode.c.h; path = gt_hash_map.h; sourceTree = "<group>"; };
		18F313FA17E5B1F40015BE5E /* gt_http.h */ = {isa = PBXFileReference; fileEncoding = 4; lastKnownFileType = sourcecode.c.h; path = gt_http.h; sourceTree = "<group>"; };
		18F313FB17E5B1F40015BE5E /* gt_httpd.h */ = {isa = PBXFileReference; fileEncoding = 4; lastKnownFileType = sourcecode.c.h; path = gt_httpd.h; sourceTree = "<group>"; };
		18F313FC17E5B1F40015BE5E /* gt_image.h */ = {isa = PBXFileReference; fileEncoding = 4; lastKnownFileType = sourcecode.c.h; path = gt_image.h; sourceTree = "<group>"; };
		18F313FD17E5B1F40015BE5E /* gt_image_barcode.h */ = {isa = PBXFileReference; fileEncoding = 4; lastKnownFileType = sourcecode.c.h; path = gt_image_barcode.h; sourceTree = "<group>"; };
		18F313FE17E5B1F40015BE5E /* gt_image_cuda.h */ = {isa = PBXFileReference; fileEncoding = 4; lastKnownFileType = sourcecode.c.h; path = gt_image_cuda.h; sourceTree = "<group>"; };
		18F313FF17E5B1F40015BE5E /* gt_image_mt.h */ = {isa = PBXFileReference; fileEncoding = 4; lastKnownFileType = sourcecode.c.h; path = gt_image_mt.h; sourceTree = "<group>"; };
		18F3140017E5B1F40015BE5E /* gt_image_ocl.h */ = {isa = PBXFileReference; fileEncoding = 4; lastKnownFileType = sourcecode.c.h; path = gt_image_ocl.h; sourceTree = "<group>"; };
		18F3140117E5B1F40015BE5E /* gt_image_ocv.h */ = {isa = PBXFileReference; fileEncoding = 4; lastKnownFileType = sourcecode.c.h; path = gt_image_ocv.h; sourceTree = "<group>"; };
		18F3140217E5B1F40015BE5E /* gt_lib.h */ = {isa = PBXFileReference; fileEncoding = 4; lastKnownFileType = sourcecode.c.h; path = gt_lib.h; sourceTree = "<group>"; };
		18F3140317E5B1F40015BE5E /* gt_lock.h */ = {isa = PBXFileReference; fileEncoding = 4; lastKnownFileType = sourcecode.c.h; path = gt_lock.h; sourceTree = "<group>"; };
		18F3140417E5B1F40015BE5E /* gt_log.h */ = {isa = PBXFileReference; fileEncoding = 4; lastKnownFileType = sourcecode.c.h; path = gt_log.h; sourceTree = "<group>"; };
		18F3140517E5B1F40015BE5E /* gt_magic.h */ = {isa = PBXFileReference; fileEncoding = 4; lastKnownFileType = sourcecode.c.h; path = gt_magic.h; sourceTree = "<group>"; };
		18F3140617E5B1F40015BE5E /* gt_math.h */ = {isa = PBXFileReference; fileEncoding = 4; lastKnownFileType = sourcecode.c.h; path = gt_math.h; sourceTree = "<group>"; };
		18F3140717E5B1F40015BE5E /* gt_matrix.h */ = {isa = PBXFileReference; fileEncoding = 4; lastKnownFileType = sourcecode.c.h; path = gt_matrix.h; sourceTree = "<group>"; };
		18F3140817E5B1F40015BE5E /* gt_media_player.h */ = {isa = PBXFileReference; fileEncoding = 4; lastKnownFileType = sourcecode.c.h; path = gt_media_player.h; sourceTree = "<group>"; };
		18F3140917E5B1F40015BE5E /* gt_mem.h */ = {isa = PBXFileReference; fileEncoding = 4; lastKnownFileType = sourcecode.c.h; path = gt_mem.h; sourceTree = "<group>"; };
		18F3140A17E5B1F40015BE5E /* gt_pdf.h */ = {isa = PBXFileReference; fileEncoding = 4; lastKnownFileType = sourcecode.c.h; path = gt_pdf.h; sourceTree = "<group>"; };
		18F3140B17E5B1F40015BE5E /* gt_pid.h */ = {isa = PBXFileReference; fileEncoding = 4; lastKnownFileType = sourcecode.c.h; path = gt_pid.h; sourceTree = "<group>"; };
		18F3140C17E5B1F40015BE5E /* gt_readme.h */ = {isa = PBXFileReference; fileEncoding = 4; lastKnownFileType = sourcecode.c.h; path = gt_readme.h; sourceTree = "<group>"; };
		18F3140D17E5B1F40015BE5E /* gt_ret.h */ = {isa = PBXFileReference; fileEncoding = 4; lastKnownFileType = sourcecode.c.h; path = gt_ret.h; sourceTree = "<group>"; };
		18F3140E17E5B1F40015BE5E /* gt_runtime.h */ = {isa = PBXFileReference; fileEncoding = 4; lastKnownFileType = sourcecode.c.h; path = gt_runtime.h; sourceTree = "<group>"; };
		18F3140F17E5B1F40015BE5E /* gt_semaphore.h */ = {isa = PBXFileReference; fileEncoding = 4; lastKnownFileType = sourcecode.c.h; path = gt_semaphore.h; sourceTree = "<group>"; };
		18F3141017E5B1F40015BE5E /* gt_stack.h */ = {isa = PBXFileReference; fileEncoding = 4; lastKnownFileType = sourcecode.c.h; path = gt_stack.h; sourceTree = "<group>"; };
		18F3141117E5B1F40015BE5E /* gt_string.h */ = {isa = PBXFileReference; fileEncoding = 4; lastKnownFileType = sourcecode.c.h; path = gt_string.h; sourceTree = "<group>"; };
		18F3141217E5B1F40015BE5E /* gt_svm.h */ = {isa = PBXFileReference; fileEncoding = 4; lastKnownFileType = sourcecode.c.h; path = gt_svm.h; sourceTree = "<group>"; };
		18F3141317E5B1F40015BE5E /* gt_template.h */ = {isa = PBXFileReference; fileEncoding = 4; lastKnownFileType = sourcecode.c.h; path = gt_template.h; sourceTree = "<group>"; };
		18F3141417E5B1F40015BE5E /* gt_timer_us.h */ = {isa = PBXFileReference; fileEncoding = 4; lastKnownFileType = sourcecode.c.h; path = gt_timer_us.h; sourceTree = "<group>"; };
		18F3141517E5B1F40015BE5E /* gt_type.h */ = {isa = PBXFileReference; fileEncoding = 4; lastKnownFileType = sourcecode.c.h; path = gt_type.h; sourceTree = "<group>"; };
		18F3141617E5B1F40015BE5E /* gt_utf8.h */ = {isa = PBXFileReference; fileEncoding = 4; lastKnownFileType = sourcecode.c.h; path = gt_utf8.h; sourceTree = "<group>"; };
		18F3141817E5B1F40015BE5E /* gt_array.c */ = {isa = PBXFileReference; fileEncoding = 4; lastKnownFileType = sourcecode.c.c; path = gt_array.c; sourceTree = "<group>"; };
		18F3141917E5B1F40015BE5E /* gt_bitmap.c */ = {isa = PBXFileReference; fileEncoding = 4; lastKnownFileType = sourcecode.c.c; path = gt_bitmap.c; sourceTree = "<group>"; };
		18F3141A17E5B1F40015BE5E /* gt_buffer.c */ = {isa = PBXFileReference; fileEncoding = 4; lastKnownFileType = sourcecode.c.c; path = gt_buffer.c; sourceTree = "<group>"; };
		18F3141B17E5B1F40015BE5E /* gt_color.c */ = {isa = PBXFileReference; fileEncoding = 4; lastKnownFileType = sourcecode.c.c; path = gt_color.c; sourceTree = "<group>"; };
		18F3141C17E5B1F40015BE5E /* gt_config_parser.c */ = {isa = PBXFileReference; fileEncoding = 4; lastKnownFileType = sourcecode.c.c; path = gt_config_parser.c; sourceTree = "<group>"; };
		18F3141D17E5B1F40015BE5E /* gt_face_detection.c */ = {isa = PBXFileReference; fileEncoding = 4; lastKnownFileType = sourcecode.c.c; path = gt_face_detection.c; sourceTree = "<group>"; };
		18F3141E17E5B1F40015BE5E /* gt_fifo.c */ = {isa = PBXFileReference; fileEncoding = 4; lastKnownFileType = sourcecode.c.c; path = gt_fifo.c; sourceTree = "<group>"; };
		18F3141F17E5B1F40015BE5E /* gt_file.c */ = {isa = PBXFileReference; fileEncoding = 4; lastKnownFileType = sourcecode.c.c; path = gt_file.c; sourceTree = "<group>"; };
		18F3142017E5B1F40015BE5E /* gt_hash.c */ = {isa = PBXFileReference; fileEncoding = 4; lastKnownFileType = sourcecode.c.c; path = gt_hash.c; sourceTree = "<group>"; };
		18F3142117E5B1F40015BE5E /* gt_hash_map.c */ = {isa = PBXFileReference; fileEncoding = 4; lastKnownFileType = sourcecode.c.c; path = gt_hash_map.c; sourceTree = "<group>"; };
		18F3142217E5B1F40015BE5E /* gt_http.c */ = {isa = PBXFileReference; fileEncoding = 4; lastKnownFileType = sourcecode.c.c; path = gt_http.c; sourceTree = "<group>"; };
		18F3142317E5B1F40015BE5E /* gt_httpd.c */ = {isa = PBXFileReference; fileEncoding = 4; lastKnownFileType = sourcecode.c.c; path = gt_httpd.c; sourceTree = "<group>"; };
		18F3142417E5B1F40015BE5E /* gt_image.c */ = {isa = PBXFileReference; fileEncoding = 4; lastKnownFileType = sourcecode.c.c; path = gt_image.c; sourceTree = "<group>"; };
		18F3142517E5B1F40015BE5E /* gt_image_barcode.c */ = {isa = PBXFileReference; fileEncoding = 4; lastKnownFileType = sourcecode.c.c; path = gt_image_barcode.c; sourceTree = "<group>"; };
		18F3142617E5B1F40015BE5E /* gt_image_cuda.cu */ = {isa = PBXFileReference; fileEncoding = 4; lastKnownFileType = text; path = gt_image_cuda.cu; sourceTree = "<group>"; };
		18F3142717E5B1F40015BE5E /* gt_image_mt.c */ = {isa = PBXFileReference; fileEncoding = 4; lastKnownFileType = sourcecode.c.c; path = gt_image_mt.c; sourceTree = "<group>"; };
		18F3142817E5B1F40015BE5E /* gt_image_ocl.c */ = {isa = PBXFileReference; fileEncoding = 4; lastKnownFileType = sourcecode.c.c; path = gt_image_ocl.c; sourceTree = "<group>"; };
		18F3142917E5B1F40015BE5E /* gt_image_ocv.cpp */ = {isa = PBXFileReference; fileEncoding = 4; lastKnownFileType = sourcecode.cpp.cpp; path = gt_image_ocv.cpp; sourceTree = "<group>"; };
		18F3142A17E5B1F40015BE5E /* gt_lib.c */ = {isa = PBXFileReference; fileEncoding = 4; lastKnownFileType = sourcecode.c.c; path = gt_lib.c; sourceTree = "<group>"; };
		18F3142B17E5B1F40015BE5E /* gt_lock.c */ = {isa = PBXFileReference; fileEncoding = 4; lastKnownFileType = sourcecode.c.c; path = gt_lock.c; sourceTree = "<group>"; };
		18F3142C17E5B1F40015BE5E /* gt_log.c */ = {isa = PBXFileReference; fileEncoding = 4; lastKnownFileType = sourcecode.c.c; path = gt_log.c; sourceTree = "<group>"; };
		18F3142D17E5B1F40015BE5E /* gt_math.c */ = {isa = PBXFileReference; fileEncoding = 4; lastKnownFileType = sourcecode.c.c; path = gt_math.c; sourceTree = "<group>"; };
		18F3142E17E5B1F40015BE5E /* gt_matrix.c */ = {isa = PBXFileReference; fileEncoding = 4; lastKnownFileType = sourcecode.c.c; path = gt_matrix.c; sourceTree = "<group>"; };
		18F3142F17E5B1F40015BE5E /* gt_media_player.c */ = {isa = PBXFileReference; fileEncoding = 4; lastKnownFileType = sourcecode.c.c; path = gt_media_player.c; sourceTree = "<group>"; };
		18F3143017E5B1F40015BE5E /* gt_mem.c */ = {isa = PBXFileReference; fileEncoding = 4; lastKnownFileType = sourcecode.c.c; path = gt_mem.c; sourceTree = "<group>"; };
		18F3143117E5B1F40015BE5E /* gt_pdf.c */ = {isa = PBXFileReference; fileEncoding = 4; lastKnownFileType = sourcecode.c.c; path = gt_pdf.c; sourceTree = "<group>"; };
		18F3143217E5B1F40015BE5E /* gt_pid.c */ = {isa = PBXFileReference; fileEncoding = 4; lastKnownFileType = sourcecode.c.c; path = gt_pid.c; sourceTree = "<group>"; };
		18F3143317E5B1F40015BE5E /* gt_runtime.c */ = {isa = PBXFileReference; fileEncoding = 4; lastKnownFileType = sourcecode.c.c; path = gt_runtime.c; sourceTree = "<group>"; };
		18F3143417E5B1F40015BE5E /* gt_semaphore.c */ = {isa = PBXFileReference; fileEncoding = 4; lastKnownFileType = sourcecode.c.c; path = gt_semaphore.c; sourceTree = "<group>"; };
		18F3143517E5B1F40015BE5E /* gt_stack.c */ = {isa = PBXFileReference; fileEncoding = 4; lastKnownFileType = sourcecode.c.c; path = gt_stack.c; sourceTree = "<group>"; };
		18F3143617E5B1F40015BE5E /* gt_string.c */ = {isa = PBXFileReference; fileEncoding = 4; lastKnownFileType = sourcecode.c.c; path = gt_string.c; sourceTree = "<group>"; };
		18F3143717E5B1F40015BE5E /* gt_svm.cpp */ = {isa = PBXFileReference; fileEncoding = 4; lastKnownFileType = sourcecode.cpp.cpp; path = gt_svm.cpp; sourceTree = "<group>"; };
		18F3143817E5B1F40015BE5E /* gt_template.c */ = {isa = PBXFileReference; fileEncoding = 4; lastKnownFileType = sourcecode.c.c; path = gt_template.c; sourceTree = "<group>"; };
		18F3143917E5B1F40015BE5E /* gt_timer_us.c */ = {isa = PBXFileReference; fileEncoding = 4; lastKnownFileType = sourcecode.c.c; path = gt_timer_us.c; sourceTree = "<group>"; };
		18F3143A17E5B1F40015BE5E /* gt_utf8.c */ = {isa = PBXFileReference; fileEncoding = 4; lastKnownFileType = sourcecode.c.c; path = gt_utf8.c; sourceTree = "<group>"; };
		18F3148617E5B21E0015BE5E /* md5.h */ = {isa = PBXFileReference; fileEncoding = 4; lastKnownFileType = sourcecode.c.h; path = md5.h; sourceTree = "<group>"; };
		18F3148717E5B21E0015BE5E /* md5c.c */ = {isa = PBXFileReference; fileEncoding = 4; lastKnownFileType = sourcecode.c.c; path = md5c.c; sourceTree = "<group>"; };
		18F3148817E5B21E0015BE5E /* sha1.c */ = {isa = PBXFileReference; fileEncoding = 4; lastKnownFileType = sourcecode.c.c; path = sha1.c; sourceTree = "<group>"; };
		18F3148917E5B21E0015BE5E /* sha1.h */ = {isa = PBXFileReference; fileEncoding = 4; lastKnownFileType = sourcecode.c.h; path = sha1.h; sourceTree = "<group>"; };
		18F3148A17E5B21E0015BE5E /* sha256.c */ = {isa = PBXFileReference; fileEncoding = 4; lastKnownFileType = sourcecode.c.c; path = sha256.c; sourceTree = "<group>"; };
		18F3148B17E5B21E0015BE5E /* sha256.h */ = {isa = PBXFileReference; fileEncoding = 4; lastKnownFileType = sourcecode.c.h; path = sha256.h; sourceTree = "<group>"; };
		18F3148D17E5B21E0015BE5E /* svm.cpp */ = {isa = PBXFileReference; fileEncoding = 4; lastKnownFileType = sourcecode.cpp.cpp; path = svm.cpp; sourceTree = "<group>"; };
		18F3148E17E5B21E0015BE5E /* svm.h */ = {isa = PBXFileReference; fileEncoding = 4; lastKnownFileType = sourcecode.c.h; path = svm.h; sourceTree = "<group>"; };
/* End PBXFileReference section */

/* Begin PBXFrameworksBuildPhase section */
		183EDBD617E593B500DB5520 /* Frameworks */ = {
			isa = PBXFrameworksBuildPhase;
			buildActionMask = 2147483647;
			files = (
				183EDBE017E593B500DB5520 /* Foundation.framework in Frameworks */,
			);
			runOnlyForDeploymentPostprocessing = 0;
		};
/* End PBXFrameworksBuildPhase section */

/* Begin PBXGroup section */
		183EDBCF17E593B500DB5520 = {
			isa = PBXGroup;
			children = (
				18F313EF17E5B1F40015BE5E /* include */,
				18F3141717E5B1F40015BE5E /* src */,
				183EDDAB17E5960C00DB5520 /* third_party */,
				183EDBE117E593B500DB5520 /* ios_framework */,
				183EDBDE17E593B500DB5520 /* Frameworks */,
				183EDBDD17E593B500DB5520 /* Products */,
			);
			sourceTree = "<group>";
		};
		183EDBDD17E593B500DB5520 /* Products */ = {
			isa = PBXGroup;
			children = (
				183EDBDC17E593B500DB5520 /* ios_framework.framework */,
			);
			name = Products;
			sourceTree = "<group>";
		};
		183EDBDE17E593B500DB5520 /* Frameworks */ = {
			isa = PBXGroup;
			children = (
				183EDBDF17E593B500DB5520 /* Foundation.framework */,
			);
			name = Frameworks;
			sourceTree = "<group>";
		};
		183EDBE117E593B500DB5520 /* ios_framework */ = {
			isa = PBXGroup;
			children = (
				183EDBE217E593B500DB5520 /* Supporting Files */,
			);
			path = ios_framework;
			sourceTree = "<group>";
		};
		183EDBE217E593B500DB5520 /* Supporting Files */ = {
			isa = PBXGroup;
			children = (
				183EDBE317E593B500DB5520 /* ios_framework-Info.plist */,
				183EDBE417E593B500DB5520 /* InfoPlist.strings */,
				183EDDA717E5953D00DB5520 /* gt_config.h */,
				183EDBE717E593B500DB5520 /* ios_framework-Prefix.pch */,
			);
			name = "Supporting Files";
			sourceTree = "<group>";
		};
		183EDDAB17E5960C00DB5520 /* third_party */ = {
			isa = PBXGroup;
			children = (
				18F3148517E5B21E0015BE5E /* hash */,
				18F3148C17E5B21E0015BE5E /* svm */,
			);
			name = third_party;
			sourceTree = "<group>";
		};
		18F313EF17E5B1F40015BE5E /* include */ = {
			isa = PBXGroup;
			children = (
				18F313F017E5B1F40015BE5E /* gt_array.h */,
				18F313F117E5B1F40015BE5E /* gt_bitmap.h */,
				18F313F217E5B1F40015BE5E /* gt_buffer.h */,
				18F313F317E5B1F40015BE5E /* gt_color.h */,
				18F313F417E5B1F40015BE5E /* gt_config_parser.h */,
				18F313F517E5B1F40015BE5E /* gt_face_detection.h */,
				18F313F617E5B1F40015BE5E /* gt_fifo.h */,
				18F313F717E5B1F40015BE5E /* gt_file.h */,
				18F313F817E5B1F40015BE5E /* gt_hash.h */,
				18F313F917E5B1F40015BE5E /* gt_hash_map.h */,
				18F313FA17E5B1F40015BE5E /* gt_http.h */,
				18F313FB17E5B1F40015BE5E /* gt_httpd.h */,
				18F313FC17E5B1F40015BE5E /* gt_image.h */,
				18F313FD17E5B1F40015BE5E /* gt_image_barcode.h */,
				18F313FE17E5B1F40015BE5E /* gt_image_cuda.h */,
				18F313FF17E5B1F40015BE5E /* gt_image_mt.h */,
				18F3140017E5B1F40015BE5E /* gt_image_ocl.h */,
				18F3140117E5B1F40015BE5E /* gt_image_ocv.h */,
				18F3140217E5B1F40015BE5E /* gt_lib.h */,
				18F3140317E5B1F40015BE5E /* gt_lock.h */,
				18F3140417E5B1F40015BE5E /* gt_log.h */,
				18F3140517E5B1F40015BE5E /* gt_magic.h */,
				18F3140617E5B1F40015BE5E /* gt_math.h */,
				18F3140717E5B1F40015BE5E /* gt_matrix.h */,
				18F3140817E5B1F40015BE5E /* gt_media_player.h */,
				18F3140917E5B1F40015BE5E /* gt_mem.h */,
				18F3140A17E5B1F40015BE5E /* gt_pdf.h */,
				18F3140B17E5B1F40015BE5E /* gt_pid.h */,
				18F3140C17E5B1F40015BE5E /* gt_readme.h */,
				18F3140D17E5B1F40015BE5E /* gt_ret.h */,
				18F3140E17E5B1F40015BE5E /* gt_runtime.h */,
				18F3140F17E5B1F40015BE5E /* gt_semaphore.h */,
				18F3141017E5B1F40015BE5E /* gt_stack.h */,
				18F3141117E5B1F40015BE5E /* gt_string.h */,
				18F3141217E5B1F40015BE5E /* gt_svm.h */,
				18F3141317E5B1F40015BE5E /* gt_template.h */,
				18F3141417E5B1F40015BE5E /* gt_timer_us.h */,
				18F3141517E5B1F40015BE5E /* gt_type.h */,
				18F3141617E5B1F40015BE5E /* gt_utf8.h */,
			);
			name = include;
			path = ../../include;
			sourceTree = "<group>";
		};
		18F3141717E5B1F40015BE5E /* src */ = {
			isa = PBXGroup;
			children = (
				18F3141817E5B1F40015BE5E /* gt_array.c */,
				18F3141917E5B1F40015BE5E /* gt_bitmap.c */,
				18F3141A17E5B1F40015BE5E /* gt_buffer.c */,
				18F3141B17E5B1F40015BE5E /* gt_color.c */,
				18F3141C17E5B1F40015BE5E /* gt_config_parser.c */,
				18F3141D17E5B1F40015BE5E /* gt_face_detection.c */,
				18F3141E17E5B1F40015BE5E /* gt_fifo.c */,
				18F3141F17E5B1F40015BE5E /* gt_file.c */,
				18F3142017E5B1F40015BE5E /* gt_hash.c */,
				18F3142117E5B1F40015BE5E /* gt_hash_map.c */,
				18F3142217E5B1F40015BE5E /* gt_http.c */,
				18F3142317E5B1F40015BE5E /* gt_httpd.c */,
				18F3142417E5B1F40015BE5E /* gt_image.c */,
				18F3142517E5B1F40015BE5E /* gt_image_barcode.c */,
				18F3142617E5B1F40015BE5E /* gt_image_cuda.cu */,
				18F3142717E5B1F40015BE5E /* gt_image_mt.c */,
				18F3142817E5B1F40015BE5E /* gt_image_ocl.c */,
				18F3142917E5B1F40015BE5E /* gt_image_ocv.cpp */,
				18F3142A17E5B1F40015BE5E /* gt_lib.c */,
				18F3142B17E5B1F40015BE5E /* gt_lock.c */,
				18F3142C17E5B1F40015BE5E /* gt_log.c */,
				18F3142D17E5B1F40015BE5E /* gt_math.c */,
				18F3142E17E5B1F40015BE5E /* gt_matrix.c */,
				18F3142F17E5B1F40015BE5E /* gt_media_player.c */,
				18F3143017E5B1F40015BE5E /* gt_mem.c */,
				18F3143117E5B1F40015BE5E /* gt_pdf.c */,
				18F3143217E5B1F40015BE5E /* gt_pid.c */,
				18F3143317E5B1F40015BE5E /* gt_runtime.c */,
				18F3143417E5B1F40015BE5E /* gt_semaphore.c */,
				18F3143517E5B1F40015BE5E /* gt_stack.c */,
				18F3143617E5B1F40015BE5E /* gt_string.c */,
				18F3143717E5B1F40015BE5E /* gt_svm.cpp */,
				18F3143817E5B1F40015BE5E /* gt_template.c */,
				18F3143917E5B1F40015BE5E /* gt_timer_us.c */,
				18F3143A17E5B1F40015BE5E /* gt_utf8.c */,
			);
			name = src;
			path = ../../src;
			sourceTree = "<group>";
		};
		18F3148517E5B21E0015BE5E /* hash */ = {
			isa = PBXGroup;
			children = (
				18F3148617E5B21E0015BE5E /* md5.h */,
				18F3148717E5B21E0015BE5E /* md5c.c */,
				18F3148817E5B21E0015BE5E /* sha1.c */,
				18F3148917E5B21E0015BE5E /* sha1.h */,
				18F3148A17E5B21E0015BE5E /* sha256.c */,
				18F3148B17E5B21E0015BE5E /* sha256.h */,
			);
			name = hash;
			path = ../../../third_party/hash;
			sourceTree = "<group>";
		};
		18F3148C17E5B21E0015BE5E /* svm */ = {
			isa = PBXGroup;
			children = (
				18F3148D17E5B21E0015BE5E /* svm.cpp */,
				18F3148E17E5B21E0015BE5E /* svm.h */,
			);
			name = svm;
			path = ../../../third_party/svm;
			sourceTree = "<group>";
		};
/* End PBXGroup section */

/* Begin PBXHeadersBuildPhase section */
		183EDBD717E593B500DB5520 /* Headers */ = {
			isa = PBXHeadersBuildPhase;
			buildActionMask = 2147483647;
			files = (
				183EDDA817E5953D00DB5520 /* gt_config.h in Headers */,
				18F3143B17E5B1F40015BE5E /* gt_array.h in Headers */,
				18F3143C17E5B1F40015BE5E /* gt_bitmap.h in Headers */,
				18F3143D17E5B1F40015BE5E /* gt_buffer.h in Headers */,
				18F3143E17E5B1F40015BE5E /* gt_color.h in Headers */,
				18F3143F17E5B1F40015BE5E /* gt_config_parser.h in Headers */,
				18F3144017E5B1F40015BE5E /* gt_face_detection.h in Headers */,
				18F3144117E5B1F40015BE5E /* gt_fifo.h in Headers */,
				18F3144217E5B1F40015BE5E /* gt_file.h in Headers */,
				18F3144317E5B1F40015BE5E /* gt_hash.h in Headers */,
				18F3144417E5B1F40015BE5E /* gt_hash_map.h in Headers */,
				18F3144517E5B1F40015BE5E /* gt_http.h in Headers */,
				18F3144617E5B1F40015BE5E /* gt_httpd.h in Headers */,
				18F3144717E5B1F40015BE5E /* gt_image.h in Headers */,
				18F3144817E5B1F40015BE5E /* gt_image_barcode.h in Headers */,
				18F3144917E5B1F40015BE5E /* gt_image_cuda.h in Headers */,
				18F3144A17E5B1F40015BE5E /* gt_image_mt.h in Headers */,
				18F3144B17E5B1F40015BE5E /* gt_image_ocl.h in Headers */,
				18F3144C17E5B1F40015BE5E /* gt_image_ocv.h in Headers */,
				18F3144D17E5B1F40015BE5E /* gt_lib.h in Headers */,
				18F3144E17E5B1F40015BE5E /* gt_lock.h in Headers */,
				18F3144F17E5B1F40015BE5E /* gt_log.h in Headers */,
				18F3145017E5B1F40015BE5E /* gt_magic.h in Headers */,
				18F3145117E5B1F40015BE5E /* gt_math.h in Headers */,
				18F3145217E5B1F40015BE5E /* gt_matrix.h in Headers */,
				18F3145317E5B1F40015BE5E /* gt_media_player.h in Headers */,
				18F3145417E5B1F40015BE5E /* gt_mem.h in Headers */,
				18F3145517E5B1F40015BE5E /* gt_pdf.h in Headers */,
				18F3145617E5B1F40015BE5E /* gt_pid.h in Headers */,
				18F3145717E5B1F40015BE5E /* gt_readme.h in Headers */,
				18F3145817E5B1F40015BE5E /* gt_ret.h in Headers */,
				18F3145917E5B1F40015BE5E /* gt_runtime.h in Headers */,
				18F3145A17E5B1F40015BE5E /* gt_semaphore.h in Headers */,
				18F3145B17E5B1F40015BE5E /* gt_stack.h in Headers */,
				18F3145C17E5B1F40015BE5E /* gt_string.h in Headers */,
				18F3145D17E5B1F40015BE5E /* gt_svm.h in Headers */,
				18F3145E17E5B1F40015BE5E /* gt_template.h in Headers */,
				18F3145F17E5B1F40015BE5E /* gt_timer_us.h in Headers */,
				18F3146017E5B1F40015BE5E /* gt_type.h in Headers */,
				18F3146117E5B1F40015BE5E /* gt_utf8.h in Headers */,
				18F3148F17E5B21E0015BE5E /* md5.h in Headers */,
				18F3149217E5B21E0015BE5E /* sha1.h in Headers */,
				18F3149417E5B21E0015BE5E /* sha256.h in Headers */,
				18F3149617E5B21E0015BE5E /* svm.h in Headers */,
			);
			runOnlyForDeploymentPostprocessing = 0;
		};
/* End PBXHeadersBuildPhase section */

/* Begin PBXNativeTarget section */
		183EDBDB17E593B500DB5520 /* ios_framework */ = {
			isa = PBXNativeTarget;
			buildConfigurationList = 183EDBEA17E593B500DB5520 /* Build configuration list for PBXNativeTarget "ios_framework" */;
			buildPhases = (
				183EDBD417E593B500DB5520 /* ShellScript */,
				183EDBD517E593B500DB5520 /* Sources */,
				183EDBD617E593B500DB5520 /* Frameworks */,
				183EDBD717E593B500DB5520 /* Headers */,
				183EDBD817E593B500DB5520 /* Resources */,
				183EDBD917E593B500DB5520 /* ShellScript */,
				183EDBDA17E593B500DB5520 /* ShellScript */,
			);
			buildRules = (
			);
			dependencies = (
			);
			name = ios_framework;
			productName = ios_framework;
			productReference = 183EDBDC17E593B500DB5520 /* ios_framework.framework */;
			productType = "com.apple.product-type.framework.static";
		};
/* End PBXNativeTarget section */

/* Begin PBXProject section */
		183EDBD017E593B500DB5520 /* Project object */ = {
			isa = PBXProject;
			attributes = {
				LastUpgradeCheck = 0460;
				ORGANIZATIONNAME = com.leaderg.app.L6;
			};
			buildConfigurationList = 183EDBD317E593B500DB5520 /* Build configuration list for PBXProject "ios_framework" */;
			compatibilityVersion = "Xcode 3.2";
			developmentRegion = English;
			hasScannedForEncodings = 0;
			knownRegions = (
				en,
			);
			mainGroup = 183EDBCF17E593B500DB5520;
			productRefGroup = 183EDBDD17E593B500DB5520 /* Products */;
			projectDirPath = "";
			projectRoot = "";
			targets = (
				183EDBDB17E593B500DB5520 /* ios_framework */,
			);
		};
/* End PBXProject section */

/* Begin PBXResourcesBuildPhase section */
		183EDBD817E593B500DB5520 /* Resources */ = {
			isa = PBXResourcesBuildPhase;
			buildActionMask = 2147483647;
			files = (
				183EDBE617E593B500DB5520 /* InfoPlist.strings in Resources */,
				18F3147017E5B1F40015BE5E /* gt_image_cuda.cu in Resources */,
			);
			runOnlyForDeploymentPostprocessing = 0;
		};
/* End PBXResourcesBuildPhase section */

/* Begin PBXShellScriptBuildPhase section */
		183EDBD417E593B500DB5520 /* ShellScript */ = {
			isa = PBXShellScriptBuildPhase;
			buildActionMask = 2147483647;
			files = (
			);
			inputPaths = (
			);
			outputPaths = (
			);
			runOnlyForDeploymentPostprocessing = 0;
			shellPath = /bin/sh;
			shellScript = "set -e\n\nset +u\nif [[ $UFW_MASTER_SCRIPT_RUNNING ]]\nthen\n    # Nothing for the slave script to do\n    exit 0\nfi\nset -u\n\nif [[ \"$SDK_NAME\" =~ ([A-Za-z]+) ]]\nthen\n    UFW_SDK_PLATFORM=${BASH_REMATCH[1]}\nelse\n    echo \"Could not find platform name from SDK_NAME: $SDK_NAME\"\n    exit 1\nfi\n\nif [[ \"$SDK_NAME\" =~ ([0-9]+.*$) ]]\nthen\n\tUFW_SDK_VERSION=${BASH_REMATCH[1]}\nelse\n    echo \"Could not find sdk version  from SDK_NAME: $SDK_NAME\"\n    exit 1\nfi\n\nif [[ \"$UFW_SDK_PLATFORM\" = \"iphoneos\" ]]\nthen\n    UFW_OTHER_PLATFORM=iphonesimulator\nelse\n    UFW_OTHER_PLATFORM=iphoneos\nfi\n\nif [[ \"$BUILT_PRODUCTS_DIR\" =~ (.*)$UFW_SDK_PLATFORM$ ]]\nthen\n    UFW_OTHER_BUILT_PRODUCTS_DIR=\"${BASH_REMATCH[1]}${UFW_OTHER_PLATFORM}\"\nelse\n    echo \"Could not find $UFW_SDK_PLATFORM in $BUILT_PRODUCTS_DIR\"\n    exit 1\nfi\n\nONLY_ACTIVE_PLATFORM=${ONLY_ACTIVE_PLATFORM:-$ONLY_ACTIVE_ARCH}\n\n# Short-circuit if all binaries are up to date\n\nif [[ -f \"${BUILT_PRODUCTS_DIR}/${EXECUTABLE_PATH}\" ]] && \\\n   [[ -f \"${BUILT_PRODUCTS_DIR}/${PRODUCT_NAME}.embeddedframework/${EXECUTABLE_PATH}\" ]] && \\\n   [[ ! \"${BUILT_PRODUCTS_DIR}/${EXECUTABLE_PATH}\" -nt \"${BUILT_PRODUCTS_DIR}/${PRODUCT_NAME}.embeddedframework/${EXECUTABLE_PATH}\" ]] && \\\n  ([[ \"${ONLY_ACTIVE_PLATFORM}\" == \"YES\" ]] || \\\n    ([[ -f \"${UFW_OTHER_BUILT_PRODUCTS_DIR}/${EXECUTABLE_PATH}\" ]] && \\\n     [[ -f \"${UFW_OTHER_BUILT_PRODUCTS_DIR}/${PRODUCT_NAME}.embeddedframework/${EXECUTABLE_PATH}\" ]] && \\\n     [[ ! \"${UFW_OTHER_BUILT_PRODUCTS_DIR}/${EXECUTABLE_PATH}\" -nt \"${UFW_OTHER_BUILT_PRODUCTS_DIR}/${PRODUCT_NAME}.embeddedframework/${EXECUTABLE_PATH}\" ]]\n    )\n  )\nthen\n    exit 0\nfi\n\n\n# Clean other platform if needed\n\nif [[ ! -f \"${BUILT_PRODUCTS_DIR}/${EXECUTABLE_PATH}\" ]] && [[ \"${ONLY_ACTIVE_PLATFORM}\" != \"YES\" ]]\nthen\n\techo \"Platform \\\"$UFW_SDK_PLATFORM\\\" was cleaned recently. Cleaning \\\"$UFW_OTHER_PLATFORM\\\" as well\"\n\techo xcodebuild -project \"${PROJECT_FILE_PATH}\" -target \"${TARGET_NAME}\" -configuration \"${CONFIGURATION}\" -sdk ${UFW_OTHER_PLATFORM}${UFW_SDK_VERSION} BUILD_DIR=\"${BUILD_DIR}\" CONFIGURATION_TEMP_DIR=\"${PROJECT_TEMP_DIR}/${CONFIGURATION}-${UFW_OTHER_PLATFORM}\" clean\n\txcodebuild -project \"${PROJECT_FILE_PATH}\" -target \"${TARGET_NAME}\" -configuration \"${CONFIGURATION}\" -sdk ${UFW_OTHER_PLATFORM}${UFW_SDK_VERSION} BUILD_DIR=\"${BUILD_DIR}\" CONFIGURATION_TEMP_DIR=\"${PROJECT_TEMP_DIR}/${CONFIGURATION}-${UFW_OTHER_PLATFORM}\" clean\nfi\n\n\n# Make sure we are building from fresh binaries\n\nrm -rf \"${BUILT_PRODUCTS_DIR}/${EXECUTABLE_PATH}\"\nrm -rf \"${BUILT_PRODUCTS_DIR}/${PRODUCT_NAME}.embeddedframework\"\n\nif [[ \"${ONLY_ACTIVE_PLATFORM}\" != \"YES\" ]]\nthen\n    rm -rf \"${UFW_OTHER_BUILT_PRODUCTS_DIR}/${EXECUTABLE_PATH}\"\n    rm -rf \"${UFW_OTHER_BUILT_PRODUCTS_DIR}/${PRODUCT_NAME}.embeddedframework\"\nfi\n";
		};
		183EDBD917E593B500DB5520 /* ShellScript */ = {
			isa = PBXShellScriptBuildPhase;
			buildActionMask = 2147483647;
			files = (
			);
			inputPaths = (
			);
			outputPaths = (
			);
			runOnlyForDeploymentPostprocessing = 0;
			shellPath = /bin/sh;
			shellScript = "HEADERS_ROOT=$SRCROOT/$PRODUCT_NAME\nFRAMEWORK_HEADERS_DIR=\"$BUILT_PRODUCTS_DIR/$WRAPPER_NAME/Versions/$FRAMEWORK_VERSION/Headers\"\n\n## only header files expected at this point\nPUBLIC_HEADERS=$(find $FRAMEWORK_HEADERS_DIR/. -not -type d 2> /dev/null | sed -e \"s@.*/@@g\")\n\nFIND_OPTS=\"\"\nfor PUBLIC_HEADER in $PUBLIC_HEADERS; do\n  if [ -n \"$FIND_OPTS\" ]; then\n    FIND_OPTS=\"$FIND_OPTS -o\"\n  fi\n  FIND_OPTS=\"$FIND_OPTS -name '$PUBLIC_HEADER'\"\ndone\n\nif [ -n \"$FIND_OPTS\" ]; then\n  for ORIG_HEADER in $(eval \"find $HEADERS_ROOT/. $FIND_OPTS\" 2> /dev/null | sed -e \"s@^$HEADERS_ROOT/./@@g\"); do\n    PUBLIC_HEADER=$(basename $ORIG_HEADER)\n    RELATIVE_PATH=$(dirname $ORIG_HEADER)\n    if [ -e $FRAMEWORK_HEADERS_DIR/$PUBLIC_HEADER ]; then\n      mkdir -p \"$FRAMEWORK_HEADERS_DIR/$RELATIVE_PATH\"\n      mv \"$FRAMEWORK_HEADERS_DIR/$PUBLIC_HEADER\" \"$FRAMEWORK_HEADERS_DIR/$RELATIVE_PATH/$PUBLIC_HEADER\"\n    fi\n  done\nfi\n";
		};
		183EDBDA17E593B500DB5520 /* ShellScript */ = {
			isa = PBXShellScriptBuildPhase;
			buildActionMask = 2147483647;
			files = (
			);
			inputPaths = (
			);
			outputPaths = (
			);
			runOnlyForDeploymentPostprocessing = 0;
			shellPath = /bin/sh;
			shellScript = "set -e\n\nset +u\nif [[ $UFW_MASTER_SCRIPT_RUNNING ]]\nthen\n    # Nothing for the slave script to do\n    exit 0\nfi\nset -u\nexport UFW_MASTER_SCRIPT_RUNNING=1\n\n\n# Functions\n\n## List files in the specified directory, storing to the specified array.\n#\n# @param $1 The path to list\n# @param $2 The name of the array to fill\n#\n##\nlist_files ()\n{\n    filelist=$(ls \"$1\")\n    while read line\n    do\n        eval \"$2[\\${#$2[*]}]=\\\"\\$line\\\"\"\n    done <<< \"$filelist\"\n}\n\n\n# Sanity check\n\nif [[ ! -f \"${BUILT_PRODUCTS_DIR}/${EXECUTABLE_PATH}\" ]]\nthen\n    echo \"Framework target \\\"${TARGET_NAME}\\\" had no source files to build from. Make sure your source files have the correct target membership\"\n    exit 1\nfi\n\n\n# Gather information\n\nif [[ \"$SDK_NAME\" =~ ([A-Za-z]+) ]]\nthen\n    UFW_SDK_PLATFORM=${BASH_REMATCH[1]}\nelse\n    echo \"Could not find platform name from SDK_NAME: $SDK_NAME\"\n    exit 1\nfi\n\nif [[ \"$SDK_NAME\" =~ ([0-9]+.*$) ]]\nthen\n    UFW_SDK_VERSION=${BASH_REMATCH[1]}\nelse\n    echo \"Could not find sdk version from SDK_NAME: $SDK_NAME\"\n    exit 1\nfi\n\nif [[ \"$UFW_SDK_PLATFORM\" = \"iphoneos\" ]]\nthen\n    UFW_OTHER_PLATFORM=iphonesimulator\nelse\n    UFW_OTHER_PLATFORM=iphoneos\nfi\n\nif [[ \"$BUILT_PRODUCTS_DIR\" =~ (.*)$UFW_SDK_PLATFORM$ ]]\nthen\n    UFW_OTHER_BUILT_PRODUCTS_DIR=\"${BASH_REMATCH[1]}${UFW_OTHER_PLATFORM}\"\nelse\n    echo \"Could not find $UFW_SDK_PLATFORM in $BUILT_PRODUCTS_DIR\"\n    exit 1\nfi\n\nONLY_ACTIVE_PLATFORM=${ONLY_ACTIVE_PLATFORM:-$ONLY_ACTIVE_ARCH}\n\n# Short-circuit if all binaries are up to date.\n# We already checked the other platform in the prerun script.\n\nif [[ -f \"${BUILT_PRODUCTS_DIR}/${EXECUTABLE_PATH}\" ]] && [[ -f \"${BUILT_PRODUCTS_DIR}/${PRODUCT_NAME}.embeddedframework/${EXECUTABLE_PATH}\" ]] && [[ ! \"${BUILT_PRODUCTS_DIR}/${EXECUTABLE_PATH}\" -nt \"${BUILT_PRODUCTS_DIR}/${PRODUCT_NAME}.embeddedframework/${EXECUTABLE_PATH}\" ]]\nthen\n    exit 0\nfi\n\nif [ \"${ONLY_ACTIVE_PLATFORM}\" == \"YES\" ]\nthen\n    echo \"ONLY_ACTIVE_PLATFORM=${ONLY_ACTIVE_PLATFORM}: Skipping other platform build\"\nelse\n    # Make sure the other platform gets built\n    \n    echo \"Build other platform\"\n    \n    echo xcodebuild -project \"${PROJECT_FILE_PATH}\" -target \"${TARGET_NAME}\" -configuration \"${CONFIGURATION}\" -sdk ${UFW_OTHER_PLATFORM}${UFW_SDK_VERSION} BUILD_DIR=\"${BUILD_DIR}\" CONFIGURATION_TEMP_DIR=\"${PROJECT_TEMP_DIR}/${CONFIGURATION}-${UFW_OTHER_PLATFORM}\" $ACTION\n    xcodebuild -project \"${PROJECT_FILE_PATH}\" -target \"${TARGET_NAME}\" -configuration \"${CONFIGURATION}\" -sdk ${UFW_OTHER_PLATFORM}${UFW_SDK_VERSION} BUILD_DIR=\"${BUILD_DIR}\" CONFIGURATION_TEMP_DIR=\"${PROJECT_TEMP_DIR}/${CONFIGURATION}-${UFW_OTHER_PLATFORM}\" $ACTION\n    \n    \n    # Build the fat static library binary\n    \n    echo \"Create universal static library\"\n    \nif [[ \"$XCODE_VERSION_MAJOR\" = \"0500\" ]]\nthen\n    echo \"$DT_TOOLCHAIN_DIR/usr/bin/libtool\" -static \"${BUILT_PRODUCTS_DIR}/${EXECUTABLE_PATH}\" \"${UFW_OTHER_BUILT_PRODUCTS_DIR}/${EXECUTABLE_PATH}\" -o \"${BUILT_PRODUCTS_DIR}/${EXECUTABLE_PATH}.temp\"\n    \"$DT_TOOLCHAIN_DIR/usr/bin/libtool\" -static \"${BUILT_PRODUCTS_DIR}/${EXECUTABLE_PATH}\" \"${UFW_OTHER_BUILT_PRODUCTS_DIR}/${EXECUTABLE_PATH}\" -o \"${BUILT_PRODUCTS_DIR}/${EXECUTABLE_PATH}.temp\"\nelse\n    echo \"$PLATFORM_DEVELOPER_BIN_DIR/libtool\" -static \"${BUILT_PRODUCTS_DIR}/${EXECUTABLE_PATH}\" \"${UFW_OTHER_BUILT_PRODUCTS_DIR}/${EXECUTABLE_PATH}\" -o \"${BUILT_PRODUCTS_DIR}/${EXECUTABLE_PATH}.temp\"\n    \"$PLATFORM_DEVELOPER_BIN_DIR/libtool\" -static \"${BUILT_PRODUCTS_DIR}/${EXECUTABLE_PATH}\" \"${UFW_OTHER_BUILT_PRODUCTS_DIR}/${EXECUTABLE_PATH}\" -o \"${BUILT_PRODUCTS_DIR}/${EXECUTABLE_PATH}.temp\"\nfi \n    echo mv \"${BUILT_PRODUCTS_DIR}/${EXECUTABLE_PATH}.temp\" \"${BUILT_PRODUCTS_DIR}/${EXECUTABLE_PATH}\"\n    mv \"${BUILT_PRODUCTS_DIR}/${EXECUTABLE_PATH}.temp\" \"${BUILT_PRODUCTS_DIR}/${EXECUTABLE_PATH}\"\nfi\n\n# Build embedded framework structure\n\necho \"Build Embedded Framework\"\n\necho rm -rf \"${BUILT_PRODUCTS_DIR}/${PRODUCT_NAME}.embeddedframework\"\nrm -rf \"${BUILT_PRODUCTS_DIR}/${PRODUCT_NAME}.embeddedframework\"\necho mkdir -p \"${BUILT_PRODUCTS_DIR}/${PRODUCT_NAME}.embeddedframework/Resources\"\nmkdir -p \"${BUILT_PRODUCTS_DIR}/${PRODUCT_NAME}.embeddedframework/Resources\"\necho cp -a \"${BUILT_PRODUCTS_DIR}/${WRAPPER_NAME}\" \"${BUILT_PRODUCTS_DIR}/${PRODUCT_NAME}.embeddedframework/\"\ncp -a \"${BUILT_PRODUCTS_DIR}/${WRAPPER_NAME}\" \"${BUILT_PRODUCTS_DIR}/${PRODUCT_NAME}.embeddedframework/\"\n\ndeclare -a UFW_FILE_LIST\nlist_files \"${BUILT_PRODUCTS_DIR}/${UNLOCALIZED_RESOURCES_FOLDER_PATH}\" UFW_FILE_LIST\nfor filename in \"${UFW_FILE_LIST[@]}\"\ndo\n    if [[ \"${filename}\" != \"Info.plist\" ]] && [[ ! \"${filename}\" =~ .*\\.lproj$ ]]\n    then\n        echo ln -sfh \"../${WRAPPER_NAME}/Resources/${filename}\" \"${BUILT_PRODUCTS_DIR}/${PRODUCT_NAME}.embeddedframework/Resources/${filename}\"\n        ln -sfh \"../${WRAPPER_NAME}/Resources/${filename}\" \"${BUILT_PRODUCTS_DIR}/${PRODUCT_NAME}.embeddedframework/Resources/${filename}\"\n    fi\ndone\n\n\nif [ \"${ONLY_ACTIVE_PLATFORM}\" != \"YES\" ]\nthen\n    # Replace other platform's framework with a copy of this one (so that both have the same universal binary)\n    \n    echo \"Copy from $UFW_SDK_PLATFORM to $UFW_OTHER_PLATFORM\"\n    \n    echo rm -rf \"${BUILD_DIR}/${CONFIGURATION}-${UFW_OTHER_PLATFORM}\"\n    rm -rf \"${BUILD_DIR}/${CONFIGURATION}-${UFW_OTHER_PLATFORM}\"\n    echo cp -a \"${BUILD_DIR}/${CONFIGURATION}-${UFW_SDK_PLATFORM}\" \"${BUILD_DIR}/${CONFIGURATION}-${UFW_OTHER_PLATFORM}\"\n    cp -a \"${BUILD_DIR}/${CONFIGURATION}-${UFW_SDK_PLATFORM}\" \"${BUILD_DIR}/${CONFIGURATION}-${UFW_OTHER_PLATFORM}\"\nfi\n";
		};
/* End PBXShellScriptBuildPhase section */

/* Begin PBXSourcesBuildPhase section */
		183EDBD517E593B500DB5520 /* Sources */ = {
			isa = PBXSourcesBuildPhase;
			buildActionMask = 2147483647;
			files = (
				18F3146217E5B1F40015BE5E /* gt_array.c in Sources */,
				18F3146317E5B1F40015BE5E /* gt_bitmap.c in Sources */,
				18F3146417E5B1F40015BE5E /* gt_buffer.c in Sources */,
				18F3146517E5B1F40015BE5E /* gt_color.c in Sources */,
				18F3146617E5B1F40015BE5E /* gt_config_parser.c in Sources */,
				18F3146717E5B1F40015BE5E /* gt_face_detection.c in Sources */,
				18F3146817E5B1F40015BE5E /* gt_fifo.c in Sources */,
				18F3146917E5B1F40015BE5E /* gt_file.c in Sources */,
				18F3146A17E5B1F40015BE5E /* gt_hash.c in Sources */,
				18F3146B17E5B1F40015BE5E /* gt_hash_map.c in Sources */,
				18F3146C17E5B1F40015BE5E /* gt_http.c in Sources */,
				18F3146D17E5B1F40015BE5E /* gt_httpd.c in Sources */,
				18F3146E17E5B1F40015BE5E /* gt_image.c in Sources */,
				18F3146F17E5B1F40015BE5E /* gt_image_barcode.c in Sources */,
				18F3147117E5B1F40015BE5E /* gt_image_mt.c in Sources */,
				18F3147217E5B1F40015BE5E /* gt_image_ocl.c in Sources */,
				18F3147317E5B1F40015BE5E /* gt_image_ocv.cpp in Sources */,
				18F3147417E5B1F40015BE5E /* gt_lib.c in Sources */,
				18F3147517E5B1F40015BE5E /* gt_lock.c in Sources */,
				18F3147617E5B1F40015BE5E /* gt_log.c in Sources */,
				18F3147717E5B1F40015BE5E /* gt_math.c in Sources */,
				18F3147817E5B1F40015BE5E /* gt_matrix.c in Sources */,
				18F3147917E5B1F40015BE5E /* gt_media_player.c in Sources */,
				18F3147A17E5B1F40015BE5E /* gt_mem.c in Sources */,
				18F3147B17E5B1F40015BE5E /* gt_pdf.c in Sources */,
				18F3147C17E5B1F40015BE5E /* gt_pid.c in Sources */,
				18F3147D17E5B1F40015BE5E /* gt_runtime.c in Sources */,
				18F3147E17E5B1F40015BE5E /* gt_semaphore.c in Sources */,
				18F3147F17E5B1F40015BE5E /* gt_stack.c in Sources */,
				18F3148017E5B1F40015BE5E /* gt_string.c in Sources */,
				18F3148117E5B1F40015BE5E /* gt_svm.cpp in Sources */,
				18F3148217E5B1F40015BE5E /* gt_template.c in Sources */,
				18F3148317E5B1F40015BE5E /* gt_timer_us.c in Sources */,
				18F3148417E5B1F40015BE5E /* gt_utf8.c in Sources */,
				18F3149017E5B21E0015BE5E /* md5c.c in Sources */,
				18F3149117E5B21E0015BE5E /* sha1.c in Sources */,
				18F3149317E5B21E0015BE5E /* sha256.c in Sources */,
				18F3149517E5B21E0015BE5E /* svm.cpp in Sources */,
			);
			runOnlyForDeploymentPostprocessing = 0;
		};
/* End PBXSourcesBuildPhase section */

/* Begin PBXVariantGroup section */
		183EDBE417E593B500DB5520 /* InfoPlist.strings */ = {
			isa = PBXVariantGroup;
			children = (
				183EDBE517E593B500DB5520 /* en */,
			);
			name = InfoPlist.strings;
			sourceTree = "<group>";
		};
/* End PBXVariantGroup section */

/* Begin XCBuildConfiguration section */
		183EDBE817E593B500DB5520 /* Debug */ = {
			isa = XCBuildConfiguration;
			buildSettings = {
				ALWAYS_SEARCH_USER_PATHS = NO;
				CLANG_CXX_LANGUAGE_STANDARD = "gnu++0x";
				CLANG_CXX_LIBRARY = "libc++";
				CLANG_ENABLE_OBJC_ARC = YES;
				CLANG_WARN_CONSTANT_CONVERSION = YES;
				CLANG_WARN_EMPTY_BODY = YES;
				CLANG_WARN_ENUM_CONVERSION = YES;
				CLANG_WARN_INT_CONVERSION = YES;
				CLANG_WARN__DUPLICATE_METHOD_MATCH = YES;
				COPY_PHASE_STRIP = NO;
				GCC_C_LANGUAGE_STANDARD = gnu99;
				GCC_DYNAMIC_NO_PIC = NO;
				GCC_OPTIMIZATION_LEVEL = 0;
				GCC_PREPROCESSOR_DEFINITIONS = (
					"DEBUG=1",
					"$(inherited)",
				);
				GCC_SYMBOLS_PRIVATE_EXTERN = NO;
				GCC_WARN_ABOUT_RETURN_TYPE = YES;
				GCC_WARN_UNINITIALIZED_AUTOS = YES;
				GCC_WARN_UNUSED_VARIABLE = YES;
				IPHONEOS_DEPLOYMENT_TARGET = 6.1;
				ONLY_ACTIVE_ARCH = YES;
				SDKROOT = iphoneos;
			};
			name = Debug;
		};
		183EDBE917E593B500DB5520 /* Release */ = {
			isa = XCBuildConfiguration;
			buildSettings = {
				ALWAYS_SEARCH_USER_PATHS = NO;
				CLANG_CXX_LANGUAGE_STANDARD = "gnu++0x";
				CLANG_CXX_LIBRARY = "libc++";
				CLANG_ENABLE_OBJC_ARC = YES;
				CLANG_WARN_CONSTANT_CONVERSION = YES;
				CLANG_WARN_EMPTY_BODY = YES;
				CLANG_WARN_ENUM_CONVERSION = YES;
				CLANG_WARN_INT_CONVERSION = YES;
				CLANG_WARN__DUPLICATE_METHOD_MATCH = YES;
				COPY_PHASE_STRIP = YES;
				GCC_C_LANGUAGE_STANDARD = gnu99;
				GCC_WARN_ABOUT_RETURN_TYPE = YES;
				GCC_WARN_UNINITIALIZED_AUTOS = YES;
				GCC_WARN_UNUSED_VARIABLE = YES;
				IPHONEOS_DEPLOYMENT_TARGET = 6.1;
				SDKROOT = iphoneos;
				VALIDATE_PRODUCT = YES;
			};
			name = Release;
		};
		183EDBEB17E593B500DB5520 /* Debug */ = {
			isa = XCBuildConfiguration;
			buildSettings = {
				ARCHS = (
					armv6,
					"$(ARCHS_STANDARD_32_BIT)",
				);
				DYLIB_COMPATIBILITY_VERSION = 1;
				DYLIB_CURRENT_VERSION = 1;
				FRAMEWORK_SEARCH_PATHS = (
					"$(inherited)",
					"\"$(SRCROOT)/ios_framework/gt_lib/project/ios_framework_app/gtlib_test_project\"",
				);
				FRAMEWORK_VERSION = A;
				GCC_PRECOMPILE_PREFIX_HEADER = YES;
				GCC_PREFIX_HEADER = "ios_framework/ios_framework-Prefix.pch";
				INFOPLIST_FILE = "ios_framework/ios_framework-Info.plist";
				LIBRARY_SEARCH_PATHS = (
					"$(inherited)",
					"\"$(SRCROOT)/ios_framework/gt_lib/project/win64_dll/x64/Release\"",
					"\"$(SRCROOT)/ios_framework/gt_lib/project/win64_dll_console/gtlib/lib\"",
				);
				PRODUCT_NAME = "$(TARGET_NAME)";
				SKIP_INSTALL = YES;
				WRAPPER_EXTENSION = framework;
			};
			name = Debug;
		};
		183EDBEC17E593B500DB5520 /* Release */ = {
			isa = XCBuildConfiguration;
			buildSettings = {
				ARCHS = (
					armv6,
					"$(ARCHS_STANDARD_32_BIT)",
				);
				DYLIB_COMPATIBILITY_VERSION = 1;
				DYLIB_CURRENT_VERSION = 1;
				FRAMEWORK_SEARCH_PATHS = (
					"$(inherited)",
					"\"$(SRCROOT)/ios_framework/gt_lib/project/ios_framework_app/gtlib_test_project\"",
				);
				FRAMEWORK_VERSION = A;
				GCC_PRECOMPILE_PREFIX_HEADER = YES;
				GCC_PREFIX_HEADER = "ios_framework/ios_framework-Prefix.pch";
				INFOPLIST_FILE = "ios_framework/ios_framework-Info.plist";
				LIBRARY_SEARCH_PATHS = (
					"$(inherited)",
					"\"$(SRCROOT)/ios_framework/gt_lib/project/win64_dll/x64/Release\"",
					"\"$(SRCROOT)/ios_framework/gt_lib/project/win64_dll_console/gtlib/lib\"",
				);
				PRODUCT_NAME = "$(TARGET_NAME)";
				SKIP_INSTALL = YES;
				WRAPPER_EXTENSION = framework;
			};
			name = Release;
		};
/* End XCBuildConfiguration section */

/* Begin XCConfigurationList section */
		183EDBD317E593B500DB5520 /* Build configuration list for PBXProject "ios_framework" */ = {
			isa = XCConfigurationList;
			buildConfigurations = (
				183EDBE817E593B500DB5520 /* Debug */,
				183EDBE917E593B500DB5520 /* Release */,
			);
			defaultConfigurationIsVisible = 0;
			defaultConfigurationName = Release;
		};
		183EDBEA17E593B500DB5520 /* Build configuration list for PBXNativeTarget "ios_framework" */ = {
			isa = XCConfigurationList;
			buildConfigurations = (
				183EDBEB17E593B500DB5520 /* Debug */,
				183EDBEC17E593B500DB5520 /* Release */,
			);
			defaultConfigurationIsVisible = 0;
			defaultConfigurationName = Release;
		};
/* End XCConfigurationList section */
	};
	rootObject = 183EDBD017E593B500DB5520 /* Project object */;
}
